// !$*UTF8*$!
{
	archiveVersion = 1;
	classes = {
	};
	objectVersion = 50;
	objects = {

/* Begin PBXBuildFile section */
		3203D153250728A400CFDABE /* 290.WordPatternTests.swift in Sources */ = {isa = PBXBuildFile; fileRef = 3203D152250728A400CFDABE /* 290.WordPatternTests.swift */; };
		3203D1552508053400CFDABE /* 346.MovingAverageFromDataStream.swift in Sources */ = {isa = PBXBuildFile; fileRef = 3203D1542508053400CFDABE /* 346.MovingAverageFromDataStream.swift */; };
		3203D1572508066E00CFDABE /* 346.MovingAverageFromDataStreamTests.swift in Sources */ = {isa = PBXBuildFile; fileRef = 3203D1562508066E00CFDABE /* 346.MovingAverageFromDataStreamTests.swift */; };
		3203D159250868D800CFDABE /* 1022.SumOfRootToLeafBinaryNumbers.swift in Sources */ = {isa = PBXBuildFile; fileRef = 3203D158250868D800CFDABE /* 1022.SumOfRootToLeafBinaryNumbers.swift */; };
		3203D15B250868EF00CFDABE /* 1022.SumOfRootToLeafBinaryNumbersTests.swift in Sources */ = {isa = PBXBuildFile; fileRef = 3203D15A250868EF00CFDABE /* 1022.SumOfRootToLeafBinaryNumbersTests.swift */; };
		3203D15D2509256B00CFDABE /* 165.CompareVersionNumbers.swift in Sources */ = {isa = PBXBuildFile; fileRef = 3203D15C2509256B00CFDABE /* 165.CompareVersionNumbers.swift */; };
		3203D15F2509269400CFDABE /* 165.CompareVersionNumbersTests.swift in Sources */ = {isa = PBXBuildFile; fileRef = 3203D15E2509269400CFDABE /* 165.CompareVersionNumbersTests.swift */; };
		3203D161250A492100CFDABE /* 299.BullsAndCows.swift in Sources */ = {isa = PBXBuildFile; fileRef = 3203D160250A492100CFDABE /* 299.BullsAndCows.swift */; };
		3203D163250A499500CFDABE /* 299.BullsAndCowsTests.swift in Sources */ = {isa = PBXBuildFile; fileRef = 3203D162250A499500CFDABE /* 299.BullsAndCowsTests.swift */; };
		3203D165250B018900CFDABE /* 492.ConstructTheRectangle.swift in Sources */ = {isa = PBXBuildFile; fileRef = 3203D164250B018900CFDABE /* 492.ConstructTheRectangle.swift */; };
		3203D167250B019B00CFDABE /* 492.ConstructTheRectangleTests.swift in Sources */ = {isa = PBXBuildFile; fileRef = 3203D166250B019B00CFDABE /* 492.ConstructTheRectangleTests.swift */; };
		3203D169250B20D700CFDABE /* 1119.RemoveVowelsFromAString.swift in Sources */ = {isa = PBXBuildFile; fileRef = 3203D168250B20D700CFDABE /* 1119.RemoveVowelsFromAString.swift */; };
		3203D16B250B214C00CFDABE /* 1119.RemoveVowelsFromAStringTests.swift in Sources */ = {isa = PBXBuildFile; fileRef = 3203D16A250B214C00CFDABE /* 1119.RemoveVowelsFromAStringTests.swift */; };
		3203D16D250BB20C00CFDABE /* 152.MaximumProductSubarray.swift in Sources */ = {isa = PBXBuildFile; fileRef = 3203D16C250BB20C00CFDABE /* 152.MaximumProductSubarray.swift */; };
		3203D16F250BB25000CFDABE /* 152.MaximumProductSubarrayTests.swift in Sources */ = {isa = PBXBuildFile; fileRef = 3203D16E250BB25000CFDABE /* 152.MaximumProductSubarrayTests.swift */; };
		3219F3AF2518DC4400BB342C /* 1094.CarPooling.swift in Sources */ = {isa = PBXBuildFile; fileRef = 3219F3AE2518DC4400BB342C /* 1094.CarPooling.swift */; };
		3219F3B32518DC7E00BB342C /* 1094.CarPoolingTests.swift in Sources */ = {isa = PBXBuildFile; fileRef = 3219F3B22518DC7E00BB342C /* 1094.CarPoolingTests.swift */; };
		3219F3B9251A2A6900BB342C /* 708.InsertIntoASortedCircularLinkedList.swift in Sources */ = {isa = PBXBuildFile; fileRef = 3219F3B8251A2A6900BB342C /* 708.InsertIntoASortedCircularLinkedList.swift */; };
		3219F3BD251A2ACD00BB342C /* 708.InsertIntoASortedCircularLinkedListTests.swift in Sources */ = {isa = PBXBuildFile; fileRef = 3219F3BC251A2ACD00BB342C /* 708.InsertIntoASortedCircularLinkedListTests.swift */; };
		3219F3C5251AE92100BB342C /* 229.MajorityElementII.swift in Sources */ = {isa = PBXBuildFile; fileRef = 3219F3C4251AE92100BB342C /* 229.MajorityElementII.swift */; };
		3219F3C9251AE94F00BB342C /* 229.MajorityElementIITests.swift in Sources */ = {isa = PBXBuildFile; fileRef = 3219F3C8251AE94F00BB342C /* 229.MajorityElementIITests.swift */; };
		3219F3CF251B823900BB342C /* 134.GasStation.swift in Sources */ = {isa = PBXBuildFile; fileRef = 3219F3CE251B823900BB342C /* 134.GasStation.swift */; };
		3219F3D3251B826C00BB342C /* 134.GasStationTests.swift in Sources */ = {isa = PBXBuildFile; fileRef = 3219F3D2251B826C00BB342C /* 134.GasStationTests.swift */; };
		321DFA6624AE2AD30020BC5C /* 107.BinaryTreeLevelOrderTraversalII.swift in Sources */ = {isa = PBXBuildFile; fileRef = 321DFA6524AE2AD30020BC5C /* 107.BinaryTreeLevelOrderTraversalII.swift */; };
		321DFA6824B0459D0020BC5C /* 957.PrisonCellsAfterNDays.swift in Sources */ = {isa = PBXBuildFile; fileRef = 321DFA6724B0459D0020BC5C /* 957.PrisonCellsAfterNDays.swift */; };
		321DFA6A24D672F60020BC5C /* 359.LoggerRateLimiter.swift in Sources */ = {isa = PBXBuildFile; fileRef = 321DFA6924D672F60020BC5C /* 359.LoggerRateLimiter.swift */; };
		321DFA6C24D679370020BC5C /* 359.LoggerRateLimiterTests.swift in Sources */ = {isa = PBXBuildFile; fileRef = 321DFA6B24D679370020BC5C /* 359.LoggerRateLimiterTests.swift */; };
		321DFA6E24D67C430020BC5C /* 520.DetectCapital.swift in Sources */ = {isa = PBXBuildFile; fileRef = 321DFA6D24D67C430020BC5C /* 520.DetectCapital.swift */; };
		321DFA7024D6E4850020BC5C /* 520.DetectCapitalTests.swift in Sources */ = {isa = PBXBuildFile; fileRef = 321DFA6F24D6E4850020BC5C /* 520.DetectCapitalTests.swift */; };
		321DFA7224D6E53D0020BC5C /* 705.DesignHashSet.swift in Sources */ = {isa = PBXBuildFile; fileRef = 321DFA7124D6E53D0020BC5C /* 705.DesignHashSet.swift */; };
		3260804F24E41A87005B079D /* 119.Pascal'sTriangleII.swift in Sources */ = {isa = PBXBuildFile; fileRef = 3260804E24E41A87005B079D /* 119.Pascal'sTriangleII.swift */; };
		3260805124E4ED21005B079D /* 119.PascalsTriangleIITests.swift in Sources */ = {isa = PBXBuildFile; fileRef = 3260805024E4ED21005B079D /* 119.PascalsTriangleIITests.swift */; };
		3260805324E567D8005B079D /* 1286.IteratorForCombination.swift in Sources */ = {isa = PBXBuildFile; fileRef = 3260805224E567D8005B079D /* 1286.IteratorForCombination.swift */; };
		3260805524E5681B005B079D /* 1286.IteratorForCombinationTests.swift in Sources */ = {isa = PBXBuildFile; fileRef = 3260805424E5681B005B079D /* 1286.IteratorForCombinationTests.swift */; };
		3260805724E6A38A005B079D /* 409.LongestPalindrome.swift in Sources */ = {isa = PBXBuildFile; fileRef = 3260805624E6A38A005B079D /* 409.LongestPalindrome.swift */; };
		3260805924E6A498005B079D /* 409.LongestPalindrome.swift in Sources */ = {isa = PBXBuildFile; fileRef = 3260805824E6A498005B079D /* 409.LongestPalindrome.swift */; };
		3260805B24E80A12005B079D /* 484.FindPermutation.swift in Sources */ = {isa = PBXBuildFile; fileRef = 3260805A24E80A12005B079D /* 484.FindPermutation.swift */; };
		3260805D24E80A58005B079D /* 484.FindPermutationTests.swift in Sources */ = {isa = PBXBuildFile; fileRef = 3260805C24E80A58005B079D /* 484.FindPermutationTests.swift */; };
		3260805F24EA4249005B079D /* 123.BestTimeToBuyAndSellStockIII.swift in Sources */ = {isa = PBXBuildFile; fileRef = 3260805E24EA4249005B079D /* 123.BestTimeToBuyAndSellStockIII.swift */; };
		3260806124FE6B7D005B079D /* 157.ReadNCharactersGivenRead4.swift in Sources */ = {isa = PBXBuildFile; fileRef = 3260806024FE6B7D005B079D /* 157.ReadNCharactersGivenRead4.swift */; };
		3260806324FF38FD005B079D /* 157.ReadNCharactersGivenRead4Tests.swift in Sources */ = {isa = PBXBuildFile; fileRef = 3260806224FF38FD005B079D /* 157.ReadNCharactersGivenRead4Tests.swift */; };
		32608065250079FE005B079D /* 220.ContainsDuplicateIII.swift in Sources */ = {isa = PBXBuildFile; fileRef = 32608064250079FE005B079D /* 220.ContainsDuplicateIII.swift */; };
		3260806725007A3E005B079D /* 220.ContainsDuplicateIIITests.swift in Sources */ = {isa = PBXBuildFile; fileRef = 3260806625007A3E005B079D /* 220.ContainsDuplicateIIITests.swift */; };
		326D094924E170DC00A9FCBE /* 171.ExcelSheetColumnNumber.swift in Sources */ = {isa = PBXBuildFile; fileRef = 326D094824E170DC00A9FCBE /* 171.ExcelSheetColumnNumber.swift */; };
		326D094B24E1711700A9FCBE /* 171.ExcelSheetColumnNumberTests.swift in Sources */ = {isa = PBXBuildFile; fileRef = 326D094A24E1711700A9FCBE /* 171.ExcelSheetColumnNumberTests.swift */; };
		32BC0621249C77F600D04FFA /* 275.H-IndexII.swift in Sources */ = {isa = PBXBuildFile; fileRef = 32BC0620249C77F600D04FFA /* 275.H-IndexII.swift */; };
		32BC0623249C797000D04FFA /* 275.HIndexIITests.swift in Sources */ = {isa = PBXBuildFile; fileRef = 32BC0622249C797000D04FFA /* 275.HIndexIITests.swift */; };
		32BC0625249CD89600D04FFA /* 274.H-Index.swift in Sources */ = {isa = PBXBuildFile; fileRef = 32BC0624249CD89600D04FFA /* 274.H-Index.swift */; };
		32BC0627249CDC6600D04FFA /* 274.HIndexTests.swift in Sources */ = {isa = PBXBuildFile; fileRef = 32BC0626249CDC6600D04FFA /* 274.HIndexTests.swift */; };
		32BF9CBD2493D74400308E47 /* Assets.xcassets in Resources */ = {isa = PBXBuildFile; fileRef = 32BF9CBB2493D74400308E47 /* Assets.xcassets */; };
		32BF9CC12493D74A00308E47 /* LaunchScreen.storyboard in Resources */ = {isa = PBXBuildFile; fileRef = 32BF9CBF2493D74A00308E47 /* LaunchScreen.storyboard */; };
		32BF9CC52493D75500308E47 /* ContentView.swift in Sources */ = {isa = PBXBuildFile; fileRef = 32BF9CC22493D75500308E47 /* ContentView.swift */; };
		32BF9CC62493D75500308E47 /* AppDelegate.swift in Sources */ = {isa = PBXBuildFile; fileRef = 32BF9CC32493D75500308E47 /* AppDelegate.swift */; };
		32BF9CC72493D75500308E47 /* SceneDelegate.swift in Sources */ = {isa = PBXBuildFile; fileRef = 32BF9CC42493D75500308E47 /* SceneDelegate.swift */; };
		32BF9CC92493D8A700308E47 /* 380.InsertDeleteGetRandomO(1).swift in Sources */ = {isa = PBXBuildFile; fileRef = 32BF9CC82493D8A700308E47 /* 380.InsertDeleteGetRandomO(1).swift */; };
		32BF9CCB2493D9CC00308E47 /* 380.InsertDeleteGetRandomTests.swift in Sources */ = {isa = PBXBuildFile; fileRef = 32BF9CCA2493D9CC00308E47 /* 380.InsertDeleteGetRandomTests.swift */; };
		32BF9CCD2493FC1F00308E47 /* README.md in Resources */ = {isa = PBXBuildFile; fileRef = 32BF9CCC2493FC1F00308E47 /* README.md */; };
		32BF9CDD2494EF5C00308E47 /* 368.LargestDivisibleSubset.swift in Sources */ = {isa = PBXBuildFile; fileRef = 32BF9CDC2494EF5C00308E47 /* 368.LargestDivisibleSubset.swift */; };
		32BF9CE12494EFB300308E47 /* 368.LargestDivisibleSubsetTests.swift in Sources */ = {isa = PBXBuildFile; fileRef = 32BF9CE02494EFB300308E47 /* 368.LargestDivisibleSubsetTests.swift */; };
		32BF9CE3249533E300308E47 /* 284.PeekingIterator.swift in Sources */ = {isa = PBXBuildFile; fileRef = 32BF9CE2249533E300308E47 /* 284.PeekingIterator.swift */; };
		32BF9CE5249538E300308E47 /* 284.PeekingIteratorTests.swift in Sources */ = {isa = PBXBuildFile; fileRef = 32BF9CE4249538E300308E47 /* 284.PeekingIteratorTests.swift */; };
		32BF9CF12495A39600308E47 /* 1.TwoSum.swift in Sources */ = {isa = PBXBuildFile; fileRef = 32BF9CF02495A39600308E47 /* 1.TwoSum.swift */; };
		32BF9CF32495A64B00308E47 /* 1.TwoSumTests.swift in Sources */ = {isa = PBXBuildFile; fileRef = 32BF9CF22495A64B00308E47 /* 1.TwoSumTests.swift */; };
		32BF9CF52495B2E200308E47 /* 981.TimeBasedKey-ValueStore.swift in Sources */ = {isa = PBXBuildFile; fileRef = 32BF9CF42495B2E200308E47 /* 981.TimeBasedKey-ValueStore.swift */; };
		32BF9CF72495B30C00308E47 /* 981.TimeBasedKey-ValueStoreTests.swift in Sources */ = {isa = PBXBuildFile; fileRef = 32BF9CF62495B30C00308E47 /* 981.TimeBasedKey-ValueStoreTests.swift */; };
		32BF9CF92495E69400308E47 /* 83.RemoveDuplicatesfromSortedList.swift in Sources */ = {isa = PBXBuildFile; fileRef = 32BF9CF82495E69400308E47 /* 83.RemoveDuplicatesfromSortedList.swift */; };
		32BF9CFB2495E6F000308E47 /* 83.RemoveDuplicatesfromSortedListTests.swift in Sources */ = {isa = PBXBuildFile; fileRef = 32BF9CFA2495E6F000308E47 /* 83.RemoveDuplicatesfromSortedListTests.swift */; };
		32BF9CFD24967BDB00308E47 /* 82.RemoveDuplicatesfromSortedListII.swift in Sources */ = {isa = PBXBuildFile; fileRef = 32BF9CFC24967BDB00308E47 /* 82.RemoveDuplicatesfromSortedListII.swift */; };
		32BF9D192498789700308E47 /* 700.SearchInABinarySearchTree.swift in Sources */ = {isa = PBXBuildFile; fileRef = 32BF9D182498789700308E47 /* 700.SearchInABinarySearchTree.swift */; };
		32BF9D1B24987A6A00308E47 /* 700.SearchInABinarySearchTreeTests.swift in Sources */ = {isa = PBXBuildFile; fileRef = 32BF9D1A24987A6A00308E47 /* 700.SearchInABinarySearchTreeTests.swift */; };
		32BF9D1D2498E8E800308E47 /* 468.ValidateIPAddress.swift in Sources */ = {isa = PBXBuildFile; fileRef = 32BF9D1C2498E8E800308E47 /* 468.ValidateIPAddress.swift */; };
		32BF9D1F2498E92500308E47 /* 468.ValidateIPAddressTests.swift in Sources */ = {isa = PBXBuildFile; fileRef = 32BF9D1E2498E92500308E47 /* 468.ValidateIPAddressTests.swift */; };
		32BF9D21249A46EC00308E47 /* 130.SurroundedRegions.swift in Sources */ = {isa = PBXBuildFile; fileRef = 32BF9D20249A46EC00308E47 /* 130.SurroundedRegions.swift */; };
		32BF9D23249ABBF300308E47 /* 130.SurroundedRegionsTests.swift in Sources */ = {isa = PBXBuildFile; fileRef = 32BF9D22249ABBF300308E47 /* 130.SurroundedRegionsTests.swift */; };
		32E375D324D83408009D7750 /* 125.ValidPalindrome.swift in Sources */ = {isa = PBXBuildFile; fileRef = 32E375D224D83408009D7750 /* 125.ValidPalindrome.swift */; };
		32E375D524D83422009D7750 /* 125.ValidPalindromeTests.swift in Sources */ = {isa = PBXBuildFile; fileRef = 32E375D424D83422009D7750 /* 125.ValidPalindromeTests.swift */; };
		32E375D724D985CC009D7750 /* 342.PowerofFour.swift in Sources */ = {isa = PBXBuildFile; fileRef = 32E375D624D985CC009D7750 /* 342.PowerofFour.swift */; };
		32E375D924D98600009D7750 /* 342.PowerofFourTests.swift in Sources */ = {isa = PBXBuildFile; fileRef = 32E375D824D98600009D7750 /* 342.PowerofFourTests.swift */; };
		32E375DB24DB0D7D009D7750 /* 211.AddAndSearchWordDataStructureDesign.swift in Sources */ = {isa = PBXBuildFile; fileRef = 32E375DA24DB0D7D009D7750 /* 211.AddAndSearchWordDataStructureDesign.swift */; };
		32E375DD24DB0DA7009D7750 /* 211.AddAndSearchWordDataStructureDesign.swift in Sources */ = {isa = PBXBuildFile; fileRef = 32E375DC24DB0DA7009D7750 /* 211.AddAndSearchWordDataStructureDesign.swift */; };
		32E375DF24DC5D61009D7750 /* 442.FindAllDuplicatesInAnArray.swift in Sources */ = {isa = PBXBuildFile; fileRef = 32E375DE24DC5D61009D7750 /* 442.FindAllDuplicatesInAnArray.swift */; };
		32E375E124DC655E009D7750 /* 442.FindAllDuplicatesInAnArrayTests.swift in Sources */ = {isa = PBXBuildFile; fileRef = 32E375E024DC655E009D7750 /* 442.FindAllDuplicatesInAnArrayTests.swift */; };
		32E375E324DFB4CF009D7750 /* 270.ClosestBinarySearchTreeValue.swift in Sources */ = {isa = PBXBuildFile; fileRef = 32E375E224DFB4CF009D7750 /* 270.ClosestBinarySearchTreeValue.swift */; };
		32E375E524DFBA11009D7750 /* 437.PathSumIII.swift in Sources */ = {isa = PBXBuildFile; fileRef = 32E375E424DFBA11009D7750 /* 437.PathSumIII.swift */; };
		32FBE9192501F4C7002DF970 /* 459.RepeatedSubstringPattern.swift in Sources */ = {isa = PBXBuildFile; fileRef = 32FBE9182501F4C7002DF970 /* 459.RepeatedSubstringPattern.swift */; };
		32FBE91B2501F511002DF970 /* 459.RepeatedSubstringPatternTests.swift in Sources */ = {isa = PBXBuildFile; fileRef = 32FBE91A2501F511002DF970 /* 459.RepeatedSubstringPatternTests.swift */; };
		32FBE91D25072853002DF970 /* 290.WordPattern.swift in Sources */ = {isa = PBXBuildFile; fileRef = 32FBE91C25072853002DF970 /* 290.WordPattern.swift */; };
/* End PBXBuildFile section */

/* Begin PBXContainerItemProxy section */
		32BF9CAA2493D6E500308E47 /* PBXContainerItemProxy */ = {
			isa = PBXContainerItemProxy;
			containerPortal = 32BF9C8B2493D6E300308E47 /* Project object */;
			proxyType = 1;
			remoteGlobalIDString = 32BF9C922493D6E300308E47;
			remoteInfo = Leetcode;
		};
/* End PBXContainerItemProxy section */

/* Begin PBXFileReference section */
		3203D152250728A400CFDABE /* 290.WordPatternTests.swift */ = {isa = PBXFileReference; lastKnownFileType = sourcecode.swift; path = 290.WordPatternTests.swift; sourceTree = "<group>"; };
		3203D1542508053400CFDABE /* 346.MovingAverageFromDataStream.swift */ = {isa = PBXFileReference; lastKnownFileType = sourcecode.swift; path = 346.MovingAverageFromDataStream.swift; sourceTree = "<group>"; };
		3203D1562508066E00CFDABE /* 346.MovingAverageFromDataStreamTests.swift */ = {isa = PBXFileReference; lastKnownFileType = sourcecode.swift; path = 346.MovingAverageFromDataStreamTests.swift; sourceTree = "<group>"; };
		3203D158250868D800CFDABE /* 1022.SumOfRootToLeafBinaryNumbers.swift */ = {isa = PBXFileReference; lastKnownFileType = sourcecode.swift; path = 1022.SumOfRootToLeafBinaryNumbers.swift; sourceTree = "<group>"; };
		3203D15A250868EF00CFDABE /* 1022.SumOfRootToLeafBinaryNumbersTests.swift */ = {isa = PBXFileReference; lastKnownFileType = sourcecode.swift; path = 1022.SumOfRootToLeafBinaryNumbersTests.swift; sourceTree = "<group>"; };
		3203D15C2509256B00CFDABE /* 165.CompareVersionNumbers.swift */ = {isa = PBXFileReference; lastKnownFileType = sourcecode.swift; path = 165.CompareVersionNumbers.swift; sourceTree = "<group>"; };
		3203D15E2509269400CFDABE /* 165.CompareVersionNumbersTests.swift */ = {isa = PBXFileReference; lastKnownFileType = sourcecode.swift; path = 165.CompareVersionNumbersTests.swift; sourceTree = "<group>"; };
		3203D160250A492100CFDABE /* 299.BullsAndCows.swift */ = {isa = PBXFileReference; lastKnownFileType = sourcecode.swift; path = 299.BullsAndCows.swift; sourceTree = "<group>"; };
		3203D162250A499500CFDABE /* 299.BullsAndCowsTests.swift */ = {isa = PBXFileReference; lastKnownFileType = sourcecode.swift; path = 299.BullsAndCowsTests.swift; sourceTree = "<group>"; };
		3203D164250B018900CFDABE /* 492.ConstructTheRectangle.swift */ = {isa = PBXFileReference; lastKnownFileType = sourcecode.swift; path = 492.ConstructTheRectangle.swift; sourceTree = "<group>"; };
		3203D166250B019B00CFDABE /* 492.ConstructTheRectangleTests.swift */ = {isa = PBXFileReference; lastKnownFileType = sourcecode.swift; path = 492.ConstructTheRectangleTests.swift; sourceTree = "<group>"; };
		3203D168250B20D700CFDABE /* 1119.RemoveVowelsFromAString.swift */ = {isa = PBXFileReference; lastKnownFileType = sourcecode.swift; path = 1119.RemoveVowelsFromAString.swift; sourceTree = "<group>"; };
		3203D16A250B214C00CFDABE /* 1119.RemoveVowelsFromAStringTests.swift */ = {isa = PBXFileReference; lastKnownFileType = sourcecode.swift; path = 1119.RemoveVowelsFromAStringTests.swift; sourceTree = "<group>"; };
		3203D16C250BB20C00CFDABE /* 152.MaximumProductSubarray.swift */ = {isa = PBXFileReference; lastKnownFileType = sourcecode.swift; path = 152.MaximumProductSubarray.swift; sourceTree = "<group>"; };
		3203D16E250BB25000CFDABE /* 152.MaximumProductSubarrayTests.swift */ = {isa = PBXFileReference; lastKnownFileType = sourcecode.swift; path = 152.MaximumProductSubarrayTests.swift; sourceTree = "<group>"; };
		3219F3AE2518DC4400BB342C /* 1094.CarPooling.swift */ = {isa = PBXFileReference; lastKnownFileType = sourcecode.swift; path = 1094.CarPooling.swift; sourceTree = "<group>"; };
		3219F3B22518DC7E00BB342C /* 1094.CarPoolingTests.swift */ = {isa = PBXFileReference; lastKnownFileType = sourcecode.swift; path = 1094.CarPoolingTests.swift; sourceTree = "<group>"; };
		3219F3B8251A2A6900BB342C /* 708.InsertIntoASortedCircularLinkedList.swift */ = {isa = PBXFileReference; lastKnownFileType = sourcecode.swift; path = 708.InsertIntoASortedCircularLinkedList.swift; sourceTree = "<group>"; };
		3219F3BC251A2ACD00BB342C /* 708.InsertIntoASortedCircularLinkedListTests.swift */ = {isa = PBXFileReference; lastKnownFileType = sourcecode.swift; path = 708.InsertIntoASortedCircularLinkedListTests.swift; sourceTree = "<group>"; };
		3219F3C4251AE92100BB342C /* 229.MajorityElementII.swift */ = {isa = PBXFileReference; lastKnownFileType = sourcecode.swift; path = 229.MajorityElementII.swift; sourceTree = "<group>"; };
		3219F3C8251AE94F00BB342C /* 229.MajorityElementIITests.swift */ = {isa = PBXFileReference; lastKnownFileType = sourcecode.swift; path = 229.MajorityElementIITests.swift; sourceTree = "<group>"; };
		3219F3CE251B823900BB342C /* 134.GasStation.swift */ = {isa = PBXFileReference; lastKnownFileType = sourcecode.swift; path = 134.GasStation.swift; sourceTree = "<group>"; };
		3219F3D2251B826C00BB342C /* 134.GasStationTests.swift */ = {isa = PBXFileReference; lastKnownFileType = sourcecode.swift; path = 134.GasStationTests.swift; sourceTree = "<group>"; };
		321DFA6524AE2AD30020BC5C /* 107.BinaryTreeLevelOrderTraversalII.swift */ = {isa = PBXFileReference; lastKnownFileType = sourcecode.swift; path = 107.BinaryTreeLevelOrderTraversalII.swift; sourceTree = "<group>"; };
		321DFA6724B0459D0020BC5C /* 957.PrisonCellsAfterNDays.swift */ = {isa = PBXFileReference; lastKnownFileType = sourcecode.swift; path = 957.PrisonCellsAfterNDays.swift; sourceTree = "<group>"; };
		321DFA6924D672F60020BC5C /* 359.LoggerRateLimiter.swift */ = {isa = PBXFileReference; lastKnownFileType = sourcecode.swift; path = 359.LoggerRateLimiter.swift; sourceTree = "<group>"; };
		321DFA6B24D679370020BC5C /* 359.LoggerRateLimiterTests.swift */ = {isa = PBXFileReference; lastKnownFileType = sourcecode.swift; path = 359.LoggerRateLimiterTests.swift; sourceTree = "<group>"; };
		321DFA6D24D67C430020BC5C /* 520.DetectCapital.swift */ = {isa = PBXFileReference; lastKnownFileType = sourcecode.swift; path = 520.DetectCapital.swift; sourceTree = "<group>"; };
		321DFA6F24D6E4850020BC5C /* 520.DetectCapitalTests.swift */ = {isa = PBXFileReference; lastKnownFileType = sourcecode.swift; path = 520.DetectCapitalTests.swift; sourceTree = "<group>"; };
		321DFA7124D6E53D0020BC5C /* 705.DesignHashSet.swift */ = {isa = PBXFileReference; lastKnownFileType = sourcecode.swift; path = 705.DesignHashSet.swift; sourceTree = "<group>"; };
		3260804E24E41A87005B079D /* 119.Pascal'sTriangleII.swift */ = {isa = PBXFileReference; lastKnownFileType = sourcecode.swift; path = "119.Pascal'sTriangleII.swift"; sourceTree = "<group>"; };
		3260805024E4ED21005B079D /* 119.PascalsTriangleIITests.swift */ = {isa = PBXFileReference; lastKnownFileType = sourcecode.swift; path = 119.PascalsTriangleIITests.swift; sourceTree = "<group>"; };
		3260805224E567D8005B079D /* 1286.IteratorForCombination.swift */ = {isa = PBXFileReference; lastKnownFileType = sourcecode.swift; path = 1286.IteratorForCombination.swift; sourceTree = "<group>"; };
		3260805424E5681B005B079D /* 1286.IteratorForCombinationTests.swift */ = {isa = PBXFileReference; lastKnownFileType = sourcecode.swift; path = 1286.IteratorForCombinationTests.swift; sourceTree = "<group>"; };
		3260805624E6A38A005B079D /* 409.LongestPalindrome.swift */ = {isa = PBXFileReference; lastKnownFileType = sourcecode.swift; path = 409.LongestPalindrome.swift; sourceTree = "<group>"; };
		3260805824E6A498005B079D /* 409.LongestPalindrome.swift */ = {isa = PBXFileReference; lastKnownFileType = sourcecode.swift; path = 409.LongestPalindrome.swift; sourceTree = "<group>"; };
		3260805A24E80A12005B079D /* 484.FindPermutation.swift */ = {isa = PBXFileReference; lastKnownFileType = sourcecode.swift; path = 484.FindPermutation.swift; sourceTree = "<group>"; };
		3260805C24E80A58005B079D /* 484.FindPermutationTests.swift */ = {isa = PBXFileReference; lastKnownFileType = sourcecode.swift; path = 484.FindPermutationTests.swift; sourceTree = "<group>"; };
		3260805E24EA4249005B079D /* 123.BestTimeToBuyAndSellStockIII.swift */ = {isa = PBXFileReference; lastKnownFileType = sourcecode.swift; path = 123.BestTimeToBuyAndSellStockIII.swift; sourceTree = "<group>"; };
		3260806024FE6B7D005B079D /* 157.ReadNCharactersGivenRead4.swift */ = {isa = PBXFileReference; lastKnownFileType = sourcecode.swift; path = 157.ReadNCharactersGivenRead4.swift; sourceTree = "<group>"; };
		3260806224FF38FD005B079D /* 157.ReadNCharactersGivenRead4Tests.swift */ = {isa = PBXFileReference; lastKnownFileType = sourcecode.swift; path = 157.ReadNCharactersGivenRead4Tests.swift; sourceTree = "<group>"; };
		32608064250079FE005B079D /* 220.ContainsDuplicateIII.swift */ = {isa = PBXFileReference; lastKnownFileType = sourcecode.swift; path = 220.ContainsDuplicateIII.swift; sourceTree = "<group>"; };
		3260806625007A3E005B079D /* 220.ContainsDuplicateIIITests.swift */ = {isa = PBXFileReference; lastKnownFileType = sourcecode.swift; path = 220.ContainsDuplicateIIITests.swift; sourceTree = "<group>"; };
		326D094824E170DC00A9FCBE /* 171.ExcelSheetColumnNumber.swift */ = {isa = PBXFileReference; lastKnownFileType = sourcecode.swift; path = 171.ExcelSheetColumnNumber.swift; sourceTree = "<group>"; };
		326D094A24E1711700A9FCBE /* 171.ExcelSheetColumnNumberTests.swift */ = {isa = PBXFileReference; lastKnownFileType = sourcecode.swift; path = 171.ExcelSheetColumnNumberTests.swift; sourceTree = "<group>"; };
		32BC0620249C77F600D04FFA /* 275.H-IndexII.swift */ = {isa = PBXFileReference; lastKnownFileType = sourcecode.swift; path = "275.H-IndexII.swift"; sourceTree = "<group>"; };
		32BC0622249C797000D04FFA /* 275.HIndexIITests.swift */ = {isa = PBXFileReference; lastKnownFileType = sourcecode.swift; path = 275.HIndexIITests.swift; sourceTree = "<group>"; };
		32BC0624249CD89600D04FFA /* 274.H-Index.swift */ = {isa = PBXFileReference; lastKnownFileType = sourcecode.swift; path = "274.H-Index.swift"; sourceTree = "<group>"; };
		32BC0626249CDC6600D04FFA /* 274.HIndexTests.swift */ = {isa = PBXFileReference; lastKnownFileType = sourcecode.swift; path = 274.HIndexTests.swift; sourceTree = "<group>"; };
		32BF9C932493D6E300308E47 /* Leetcode.app */ = {isa = PBXFileReference; explicitFileType = wrapper.application; includeInIndex = 0; path = Leetcode.app; sourceTree = BUILT_PRODUCTS_DIR; };
		32BF9CA92493D6E500308E47 /* LeetcodeTests.xctest */ = {isa = PBXFileReference; explicitFileType = wrapper.cfbundle; includeInIndex = 0; path = LeetcodeTests.xctest; sourceTree = BUILT_PRODUCTS_DIR; };
		32BF9CAF2493D6E500308E47 /* Info.plist */ = {isa = PBXFileReference; lastKnownFileType = text.plist.xml; path = Info.plist; sourceTree = "<group>"; };
		32BF9CBB2493D74400308E47 /* Assets.xcassets */ = {isa = PBXFileReference; lastKnownFileType = folder.assetcatalog; path = Assets.xcassets; sourceTree = "<group>"; };
		32BF9CBC2493D74400308E47 /* Info.plist */ = {isa = PBXFileReference; fileEncoding = 4; lastKnownFileType = text.plist.xml; path = Info.plist; sourceTree = "<group>"; };
		32BF9CC02493D74A00308E47 /* Base */ = {isa = PBXFileReference; lastKnownFileType = file.storyboard; name = Base; path = Base.lproj/LaunchScreen.storyboard; sourceTree = "<group>"; };
		32BF9CC22493D75500308E47 /* ContentView.swift */ = {isa = PBXFileReference; fileEncoding = 4; lastKnownFileType = sourcecode.swift; path = ContentView.swift; sourceTree = "<group>"; };
		32BF9CC32493D75500308E47 /* AppDelegate.swift */ = {isa = PBXFileReference; fileEncoding = 4; lastKnownFileType = sourcecode.swift; path = AppDelegate.swift; sourceTree = "<group>"; };
		32BF9CC42493D75500308E47 /* SceneDelegate.swift */ = {isa = PBXFileReference; fileEncoding = 4; lastKnownFileType = sourcecode.swift; path = SceneDelegate.swift; sourceTree = "<group>"; };
		32BF9CC82493D8A700308E47 /* 380.InsertDeleteGetRandomO(1).swift */ = {isa = PBXFileReference; lastKnownFileType = sourcecode.swift; path = "380.InsertDeleteGetRandomO(1).swift"; sourceTree = "<group>"; };
		32BF9CCA2493D9CC00308E47 /* 380.InsertDeleteGetRandomTests.swift */ = {isa = PBXFileReference; lastKnownFileType = sourcecode.swift; path = 380.InsertDeleteGetRandomTests.swift; sourceTree = "<group>"; };
		32BF9CCC2493FC1F00308E47 /* README.md */ = {isa = PBXFileReference; fileEncoding = 4; lastKnownFileType = net.daringfireball.markdown; name = README.md; path = ../README.md; sourceTree = "<group>"; };
		32BF9CDC2494EF5C00308E47 /* 368.LargestDivisibleSubset.swift */ = {isa = PBXFileReference; lastKnownFileType = sourcecode.swift; path = 368.LargestDivisibleSubset.swift; sourceTree = "<group>"; };
		32BF9CE02494EFB300308E47 /* 368.LargestDivisibleSubsetTests.swift */ = {isa = PBXFileReference; lastKnownFileType = sourcecode.swift; path = 368.LargestDivisibleSubsetTests.swift; sourceTree = "<group>"; };
		32BF9CE2249533E300308E47 /* 284.PeekingIterator.swift */ = {isa = PBXFileReference; lastKnownFileType = sourcecode.swift; path = 284.PeekingIterator.swift; sourceTree = "<group>"; };
		32BF9CE4249538E300308E47 /* 284.PeekingIteratorTests.swift */ = {isa = PBXFileReference; lastKnownFileType = sourcecode.swift; path = 284.PeekingIteratorTests.swift; sourceTree = "<group>"; };
		32BF9CF02495A39600308E47 /* 1.TwoSum.swift */ = {isa = PBXFileReference; lastKnownFileType = sourcecode.swift; path = 1.TwoSum.swift; sourceTree = "<group>"; };
		32BF9CF22495A64B00308E47 /* 1.TwoSumTests.swift */ = {isa = PBXFileReference; lastKnownFileType = sourcecode.swift; path = 1.TwoSumTests.swift; sourceTree = "<group>"; };
		32BF9CF42495B2E200308E47 /* 981.TimeBasedKey-ValueStore.swift */ = {isa = PBXFileReference; lastKnownFileType = sourcecode.swift; path = "981.TimeBasedKey-ValueStore.swift"; sourceTree = "<group>"; };
		32BF9CF62495B30C00308E47 /* 981.TimeBasedKey-ValueStoreTests.swift */ = {isa = PBXFileReference; lastKnownFileType = sourcecode.swift; path = "981.TimeBasedKey-ValueStoreTests.swift"; sourceTree = "<group>"; };
		32BF9CF82495E69400308E47 /* 83.RemoveDuplicatesfromSortedList.swift */ = {isa = PBXFileReference; lastKnownFileType = sourcecode.swift; path = 83.RemoveDuplicatesfromSortedList.swift; sourceTree = "<group>"; };
		32BF9CFA2495E6F000308E47 /* 83.RemoveDuplicatesfromSortedListTests.swift */ = {isa = PBXFileReference; lastKnownFileType = sourcecode.swift; path = 83.RemoveDuplicatesfromSortedListTests.swift; sourceTree = "<group>"; };
		32BF9CFC24967BDB00308E47 /* 82.RemoveDuplicatesfromSortedListII.swift */ = {isa = PBXFileReference; lastKnownFileType = sourcecode.swift; path = 82.RemoveDuplicatesfromSortedListII.swift; sourceTree = "<group>"; };
		32BF9D182498789700308E47 /* 700.SearchInABinarySearchTree.swift */ = {isa = PBXFileReference; lastKnownFileType = sourcecode.swift; path = 700.SearchInABinarySearchTree.swift; sourceTree = "<group>"; };
		32BF9D1A24987A6A00308E47 /* 700.SearchInABinarySearchTreeTests.swift */ = {isa = PBXFileReference; lastKnownFileType = sourcecode.swift; path = 700.SearchInABinarySearchTreeTests.swift; sourceTree = "<group>"; };
		32BF9D1C2498E8E800308E47 /* 468.ValidateIPAddress.swift */ = {isa = PBXFileReference; lastKnownFileType = sourcecode.swift; path = 468.ValidateIPAddress.swift; sourceTree = "<group>"; };
		32BF9D1E2498E92500308E47 /* 468.ValidateIPAddressTests.swift */ = {isa = PBXFileReference; lastKnownFileType = sourcecode.swift; path = 468.ValidateIPAddressTests.swift; sourceTree = "<group>"; };
		32BF9D20249A46EC00308E47 /* 130.SurroundedRegions.swift */ = {isa = PBXFileReference; lastKnownFileType = sourcecode.swift; path = 130.SurroundedRegions.swift; sourceTree = "<group>"; };
		32BF9D22249ABBF300308E47 /* 130.SurroundedRegionsTests.swift */ = {isa = PBXFileReference; lastKnownFileType = sourcecode.swift; path = 130.SurroundedRegionsTests.swift; sourceTree = "<group>"; };
		32E375D224D83408009D7750 /* 125.ValidPalindrome.swift */ = {isa = PBXFileReference; lastKnownFileType = sourcecode.swift; path = 125.ValidPalindrome.swift; sourceTree = "<group>"; };
		32E375D424D83422009D7750 /* 125.ValidPalindromeTests.swift */ = {isa = PBXFileReference; lastKnownFileType = sourcecode.swift; path = 125.ValidPalindromeTests.swift; sourceTree = "<group>"; };
		32E375D624D985CC009D7750 /* 342.PowerofFour.swift */ = {isa = PBXFileReference; lastKnownFileType = sourcecode.swift; path = 342.PowerofFour.swift; sourceTree = "<group>"; };
		32E375D824D98600009D7750 /* 342.PowerofFourTests.swift */ = {isa = PBXFileReference; lastKnownFileType = sourcecode.swift; path = 342.PowerofFourTests.swift; sourceTree = "<group>"; };
		32E375DA24DB0D7D009D7750 /* 211.AddAndSearchWordDataStructureDesign.swift */ = {isa = PBXFileReference; lastKnownFileType = sourcecode.swift; path = 211.AddAndSearchWordDataStructureDesign.swift; sourceTree = "<group>"; };
		32E375DC24DB0DA7009D7750 /* 211.AddAndSearchWordDataStructureDesign.swift */ = {isa = PBXFileReference; lastKnownFileType = sourcecode.swift; path = 211.AddAndSearchWordDataStructureDesign.swift; sourceTree = "<group>"; };
		32E375DE24DC5D61009D7750 /* 442.FindAllDuplicatesInAnArray.swift */ = {isa = PBXFileReference; lastKnownFileType = sourcecode.swift; path = 442.FindAllDuplicatesInAnArray.swift; sourceTree = "<group>"; };
		32E375E024DC655E009D7750 /* 442.FindAllDuplicatesInAnArrayTests.swift */ = {isa = PBXFileReference; lastKnownFileType = sourcecode.swift; path = 442.FindAllDuplicatesInAnArrayTests.swift; sourceTree = "<group>"; };
		32E375E224DFB4CF009D7750 /* 270.ClosestBinarySearchTreeValue.swift */ = {isa = PBXFileReference; lastKnownFileType = sourcecode.swift; path = 270.ClosestBinarySearchTreeValue.swift; sourceTree = "<group>"; };
		32E375E424DFBA11009D7750 /* 437.PathSumIII.swift */ = {isa = PBXFileReference; lastKnownFileType = sourcecode.swift; path = 437.PathSumIII.swift; sourceTree = "<group>"; };
		32FBE9182501F4C7002DF970 /* 459.RepeatedSubstringPattern.swift */ = {isa = PBXFileReference; lastKnownFileType = sourcecode.swift; path = 459.RepeatedSubstringPattern.swift; sourceTree = "<group>"; };
		32FBE91A2501F511002DF970 /* 459.RepeatedSubstringPatternTests.swift */ = {isa = PBXFileReference; lastKnownFileType = sourcecode.swift; path = 459.RepeatedSubstringPatternTests.swift; sourceTree = "<group>"; };
		32FBE91C25072853002DF970 /* 290.WordPattern.swift */ = {isa = PBXFileReference; lastKnownFileType = sourcecode.swift; path = 290.WordPattern.swift; sourceTree = "<group>"; };
/* End PBXFileReference section */

/* Begin PBXFrameworksBuildPhase section */
		32BF9C902493D6E300308E47 /* Frameworks */ = {
			isa = PBXFrameworksBuildPhase;
			buildActionMask = 2147483647;
			files = (
			);
			runOnlyForDeploymentPostprocessing = 0;
		};
		32BF9CA62493D6E500308E47 /* Frameworks */ = {
			isa = PBXFrameworksBuildPhase;
			buildActionMask = 2147483647;
			files = (
			);
			runOnlyForDeploymentPostprocessing = 0;
		};
/* End PBXFrameworksBuildPhase section */

/* Begin PBXGroup section */
		32BF9C8A2493D6E300308E47 = {
			isa = PBXGroup;
			children = (
				32BF9CCC2493FC1F00308E47 /* README.md */,
				32BF9C952493D6E300308E47 /* Leetcode */,
				32BF9CAC2493D6E500308E47 /* LeetcodeTests */,
				32BF9C942493D6E300308E47 /* Products */,
			);
			sourceTree = "<group>";
		};
		32BF9C942493D6E300308E47 /* Products */ = {
			isa = PBXGroup;
			children = (
				32BF9C932493D6E300308E47 /* Leetcode.app */,
				32BF9CA92493D6E500308E47 /* LeetcodeTests.xctest */,
			);
			name = Products;
			sourceTree = "<group>";
		};
		32BF9C952493D6E300308E47 /* Leetcode */ = {
			isa = PBXGroup;
			children = (
				32BF9CB92493D70800308E47 /* Views */,
				32BF9CB82493D6F400308E47 /* Questions */,
				32BF9CBA2493D71100308E47 /* Resources */,
			);
			path = Leetcode;
			sourceTree = "<group>";
		};
		32BF9CAC2493D6E500308E47 /* LeetcodeTests */ = {
			isa = PBXGroup;
			children = (
				32BF9CF22495A64B00308E47 /* 1.TwoSumTests.swift */,
				32BF9CFA2495E6F000308E47 /* 83.RemoveDuplicatesfromSortedListTests.swift */,
				3260805024E4ED21005B079D /* 119.PascalsTriangleIITests.swift */,
				32E375D424D83422009D7750 /* 125.ValidPalindromeTests.swift */,
				32BF9D22249ABBF300308E47 /* 130.SurroundedRegionsTests.swift */,
				3219F3D2251B826C00BB342C /* 134.GasStationTests.swift */,
				3203D16E250BB25000CFDABE /* 152.MaximumProductSubarrayTests.swift */,
				3260806224FF38FD005B079D /* 157.ReadNCharactersGivenRead4Tests.swift */,
				3203D15E2509269400CFDABE /* 165.CompareVersionNumbersTests.swift */,
				326D094A24E1711700A9FCBE /* 171.ExcelSheetColumnNumberTests.swift */,
				32E375DC24DB0DA7009D7750 /* 211.AddAndSearchWordDataStructureDesign.swift */,
				3260806625007A3E005B079D /* 220.ContainsDuplicateIIITests.swift */,
				3219F3C8251AE94F00BB342C /* 229.MajorityElementIITests.swift */,
				32BC0626249CDC6600D04FFA /* 274.HIndexTests.swift */,
				32BC0622249C797000D04FFA /* 275.HIndexIITests.swift */,
				32BF9CE4249538E300308E47 /* 284.PeekingIteratorTests.swift */,
				3203D152250728A400CFDABE /* 290.WordPatternTests.swift */,
				3203D162250A499500CFDABE /* 299.BullsAndCowsTests.swift */,
				32E375D824D98600009D7750 /* 342.PowerofFourTests.swift */,
				3203D1562508066E00CFDABE /* 346.MovingAverageFromDataStreamTests.swift */,
				321DFA6B24D679370020BC5C /* 359.LoggerRateLimiterTests.swift */,
				32BF9CE02494EFB300308E47 /* 368.LargestDivisibleSubsetTests.swift */,
				32BF9CCA2493D9CC00308E47 /* 380.InsertDeleteGetRandomTests.swift */,
				3260805824E6A498005B079D /* 409.LongestPalindrome.swift */,
				32E375E024DC655E009D7750 /* 442.FindAllDuplicatesInAnArrayTests.swift */,
				32FBE91A2501F511002DF970 /* 459.RepeatedSubstringPatternTests.swift */,
				32BF9D1E2498E92500308E47 /* 468.ValidateIPAddressTests.swift */,
				3260805C24E80A58005B079D /* 484.FindPermutationTests.swift */,
				3203D166250B019B00CFDABE /* 492.ConstructTheRectangleTests.swift */,
				321DFA6F24D6E4850020BC5C /* 520.DetectCapitalTests.swift */,
				32BF9D1A24987A6A00308E47 /* 700.SearchInABinarySearchTreeTests.swift */,
				3219F3BC251A2ACD00BB342C /* 708.InsertIntoASortedCircularLinkedListTests.swift */,
				32BF9CF62495B30C00308E47 /* 981.TimeBasedKey-ValueStoreTests.swift */,
				3203D15A250868EF00CFDABE /* 1022.SumOfRootToLeafBinaryNumbersTests.swift */,
				3219F3B22518DC7E00BB342C /* 1094.CarPoolingTests.swift */,
				3203D16A250B214C00CFDABE /* 1119.RemoveVowelsFromAStringTests.swift */,
				3260805424E5681B005B079D /* 1286.IteratorForCombinationTests.swift */,
				32BF9CAF2493D6E500308E47 /* Info.plist */,
			);
			path = LeetcodeTests;
			sourceTree = "<group>";
		};
		32BF9CB82493D6F400308E47 /* Questions */ = {
			isa = PBXGroup;
			children = (
				32BF9CF02495A39600308E47 /* 1.TwoSum.swift */,
				32BF9CFC24967BDB00308E47 /* 82.RemoveDuplicatesfromSortedListII.swift */,
				32BF9CF82495E69400308E47 /* 83.RemoveDuplicatesfromSortedList.swift */,
				321DFA6524AE2AD30020BC5C /* 107.BinaryTreeLevelOrderTraversalII.swift */,
				3260804E24E41A87005B079D /* 119.Pascal'sTriangleII.swift */,
				3260805E24EA4249005B079D /* 123.BestTimeToBuyAndSellStockIII.swift */,
				32E375D224D83408009D7750 /* 125.ValidPalindrome.swift */,
				32BF9D20249A46EC00308E47 /* 130.SurroundedRegions.swift */,
				3219F3CE251B823900BB342C /* 134.GasStation.swift */,
				3203D16C250BB20C00CFDABE /* 152.MaximumProductSubarray.swift */,
				3260806024FE6B7D005B079D /* 157.ReadNCharactersGivenRead4.swift */,
				3203D15C2509256B00CFDABE /* 165.CompareVersionNumbers.swift */,
				326D094824E170DC00A9FCBE /* 171.ExcelSheetColumnNumber.swift */,
				32E375DA24DB0D7D009D7750 /* 211.AddAndSearchWordDataStructureDesign.swift */,
				32608064250079FE005B079D /* 220.ContainsDuplicateIII.swift */,
				3219F3C4251AE92100BB342C /* 229.MajorityElementII.swift */,
				32E375E224DFB4CF009D7750 /* 270.ClosestBinarySearchTreeValue.swift */,
				32BC0624249CD89600D04FFA /* 274.H-Index.swift */,
				32BC0620249C77F600D04FFA /* 275.H-IndexII.swift */,
				32BF9CE2249533E300308E47 /* 284.PeekingIterator.swift */,
				32FBE91C25072853002DF970 /* 290.WordPattern.swift */,
				3203D160250A492100CFDABE /* 299.BullsAndCows.swift */,
				32E375D624D985CC009D7750 /* 342.PowerofFour.swift */,
				3203D1542508053400CFDABE /* 346.MovingAverageFromDataStream.swift */,
				321DFA6924D672F60020BC5C /* 359.LoggerRateLimiter.swift */,
				32BF9CDC2494EF5C00308E47 /* 368.LargestDivisibleSubset.swift */,
				32BF9CC82493D8A700308E47 /* 380.InsertDeleteGetRandomO(1).swift */,
				3260805624E6A38A005B079D /* 409.LongestPalindrome.swift */,
				32E375E424DFBA11009D7750 /* 437.PathSumIII.swift */,
				32E375DE24DC5D61009D7750 /* 442.FindAllDuplicatesInAnArray.swift */,
				32FBE9182501F4C7002DF970 /* 459.RepeatedSubstringPattern.swift */,
				32BF9D1C2498E8E800308E47 /* 468.ValidateIPAddress.swift */,
				3260805A24E80A12005B079D /* 484.FindPermutation.swift */,
				3203D164250B018900CFDABE /* 492.ConstructTheRectangle.swift */,
				321DFA6D24D67C430020BC5C /* 520.DetectCapital.swift */,
				32BF9D182498789700308E47 /* 700.SearchInABinarySearchTree.swift */,
				321DFA7124D6E53D0020BC5C /* 705.DesignHashSet.swift */,
				3219F3B8251A2A6900BB342C /* 708.InsertIntoASortedCircularLinkedList.swift */,
				321DFA6724B0459D0020BC5C /* 957.PrisonCellsAfterNDays.swift */,
				32BF9CF42495B2E200308E47 /* 981.TimeBasedKey-ValueStore.swift */,
				3203D158250868D800CFDABE /* 1022.SumOfRootToLeafBinaryNumbers.swift */,
				3219F3AE2518DC4400BB342C /* 1094.CarPooling.swift */,
				3203D168250B20D700CFDABE /* 1119.RemoveVowelsFromAString.swift */,
				3260805224E567D8005B079D /* 1286.IteratorForCombination.swift */,
			);
			path = Questions;
			sourceTree = "<group>";
		};
		32BF9CB92493D70800308E47 /* Views */ = {
			isa = PBXGroup;
			children = (
				32BF9CC32493D75500308E47 /* AppDelegate.swift */,
				32BF9CC22493D75500308E47 /* ContentView.swift */,
				32BF9CC42493D75500308E47 /* SceneDelegate.swift */,
			);
			path = Views;
			sourceTree = "<group>";
		};
		32BF9CBA2493D71100308E47 /* Resources */ = {
			isa = PBXGroup;
			children = (
				32BF9CBF2493D74A00308E47 /* LaunchScreen.storyboard */,
				32BF9CBB2493D74400308E47 /* Assets.xcassets */,
				32BF9CBC2493D74400308E47 /* Info.plist */,
			);
			path = Resources;
			sourceTree = "<group>";
		};
/* End PBXGroup section */

/* Begin PBXNativeTarget section */
		32BF9C922493D6E300308E47 /* Leetcode */ = {
			isa = PBXNativeTarget;
			buildConfigurationList = 32BF9CB22493D6E500308E47 /* Build configuration list for PBXNativeTarget "Leetcode" */;
			buildPhases = (
				32BF9C8F2493D6E300308E47 /* Sources */,
				32BF9C902493D6E300308E47 /* Frameworks */,
				32BF9C912493D6E300308E47 /* Resources */,
			);
			buildRules = (
			);
			dependencies = (
			);
			name = Leetcode;
			productName = Leetcode;
			productReference = 32BF9C932493D6E300308E47 /* Leetcode.app */;
			productType = "com.apple.product-type.application";
		};
		32BF9CA82493D6E500308E47 /* LeetcodeTests */ = {
			isa = PBXNativeTarget;
			buildConfigurationList = 32BF9CB52493D6E500308E47 /* Build configuration list for PBXNativeTarget "LeetcodeTests" */;
			buildPhases = (
				32BF9CA52493D6E500308E47 /* Sources */,
				32BF9CA62493D6E500308E47 /* Frameworks */,
				32BF9CA72493D6E500308E47 /* Resources */,
			);
			buildRules = (
			);
			dependencies = (
				32BF9CAB2493D6E500308E47 /* PBXTargetDependency */,
			);
			name = LeetcodeTests;
			productName = LeetcodeTests;
			productReference = 32BF9CA92493D6E500308E47 /* LeetcodeTests.xctest */;
			productType = "com.apple.product-type.bundle.unit-test";
		};
/* End PBXNativeTarget section */

/* Begin PBXProject section */
		32BF9C8B2493D6E300308E47 /* Project object */ = {
			isa = PBXProject;
			attributes = {
				LastSwiftUpdateCheck = 1150;
				LastUpgradeCheck = 1150;
				ORGANIZATIONNAME = "Sudarshan Sharma";
				TargetAttributes = {
					32BF9C922493D6E300308E47 = {
						CreatedOnToolsVersion = 11.5;
						LastSwiftMigration = 1150;
					};
					32BF9CA82493D6E500308E47 = {
						CreatedOnToolsVersion = 11.5;
						TestTargetID = 32BF9C922493D6E300308E47;
					};
				};
			};
			buildConfigurationList = 32BF9C8E2493D6E300308E47 /* Build configuration list for PBXProject "Leetcode" */;
			compatibilityVersion = "Xcode 9.3";
			developmentRegion = en;
			hasScannedForEncodings = 0;
			knownRegions = (
				en,
				Base,
			);
			mainGroup = 32BF9C8A2493D6E300308E47;
			productRefGroup = 32BF9C942493D6E300308E47 /* Products */;
			projectDirPath = "";
			projectRoot = "";
			targets = (
				32BF9C922493D6E300308E47 /* Leetcode */,
				32BF9CA82493D6E500308E47 /* LeetcodeTests */,
			);
		};
/* End PBXProject section */

/* Begin PBXResourcesBuildPhase section */
		32BF9C912493D6E300308E47 /* Resources */ = {
			isa = PBXResourcesBuildPhase;
			buildActionMask = 2147483647;
			files = (
				32BF9CBD2493D74400308E47 /* Assets.xcassets in Resources */,
				32BF9CC12493D74A00308E47 /* LaunchScreen.storyboard in Resources */,
				32BF9CCD2493FC1F00308E47 /* README.md in Resources */,
			);
			runOnlyForDeploymentPostprocessing = 0;
		};
		32BF9CA72493D6E500308E47 /* Resources */ = {
			isa = PBXResourcesBuildPhase;
			buildActionMask = 2147483647;
			files = (
			);
			runOnlyForDeploymentPostprocessing = 0;
		};
/* End PBXResourcesBuildPhase section */

/* Begin PBXSourcesBuildPhase section */
		32BF9C8F2493D6E300308E47 /* Sources */ = {
			isa = PBXSourcesBuildPhase;
			buildActionMask = 2147483647;
			files = (
				32BF9CC62493D75500308E47 /* AppDelegate.swift in Sources */,
				3260805324E567D8005B079D /* 1286.IteratorForCombination.swift in Sources */,
				32BF9CC92493D8A700308E47 /* 380.InsertDeleteGetRandomO(1).swift in Sources */,
				3203D159250868D800CFDABE /* 1022.SumOfRootToLeafBinaryNumbers.swift in Sources */,
				3219F3C5251AE92100BB342C /* 229.MajorityElementII.swift in Sources */,
				32BF9CDD2494EF5C00308E47 /* 368.LargestDivisibleSubset.swift in Sources */,
				32BF9CF12495A39600308E47 /* 1.TwoSum.swift in Sources */,
				32BF9CF92495E69400308E47 /* 83.RemoveDuplicatesfromSortedList.swift in Sources */,
				32E375E324DFB4CF009D7750 /* 270.ClosestBinarySearchTreeValue.swift in Sources */,
				3219F3B9251A2A6900BB342C /* 708.InsertIntoASortedCircularLinkedList.swift in Sources */,
				32BC0621249C77F600D04FFA /* 275.H-IndexII.swift in Sources */,
				321DFA6824B0459D0020BC5C /* 957.PrisonCellsAfterNDays.swift in Sources */,
				32BF9D192498789700308E47 /* 700.SearchInABinarySearchTree.swift in Sources */,
				32BF9CFD24967BDB00308E47 /* 82.RemoveDuplicatesfromSortedListII.swift in Sources */,
				3203D161250A492100CFDABE /* 299.BullsAndCows.swift in Sources */,
				32FBE91D25072853002DF970 /* 290.WordPattern.swift in Sources */,
				32E375D724D985CC009D7750 /* 342.PowerofFour.swift in Sources */,
				32BF9D1D2498E8E800308E47 /* 468.ValidateIPAddress.swift in Sources */,
				321DFA7224D6E53D0020BC5C /* 705.DesignHashSet.swift in Sources */,
				3203D165250B018900CFDABE /* 492.ConstructTheRectangle.swift in Sources */,
				3203D15D2509256B00CFDABE /* 165.CompareVersionNumbers.swift in Sources */,
				32E375D324D83408009D7750 /* 125.ValidPalindrome.swift in Sources */,
				326D094924E170DC00A9FCBE /* 171.ExcelSheetColumnNumber.swift in Sources */,
				321DFA6624AE2AD30020BC5C /* 107.BinaryTreeLevelOrderTraversalII.swift in Sources */,
				321DFA6A24D672F60020BC5C /* 359.LoggerRateLimiter.swift in Sources */,
				3203D169250B20D700CFDABE /* 1119.RemoveVowelsFromAString.swift in Sources */,
				32BF9CC52493D75500308E47 /* ContentView.swift in Sources */,
				3260804F24E41A87005B079D /* 119.Pascal'sTriangleII.swift in Sources */,
				3219F3AF2518DC4400BB342C /* 1094.CarPooling.swift in Sources */,
				32BF9CC72493D75500308E47 /* SceneDelegate.swift in Sources */,
				3260805B24E80A12005B079D /* 484.FindPermutation.swift in Sources */,
				321DFA6E24D67C430020BC5C /* 520.DetectCapital.swift in Sources */,
				3260805F24EA4249005B079D /* 123.BestTimeToBuyAndSellStockIII.swift in Sources */,
				3260805724E6A38A005B079D /* 409.LongestPalindrome.swift in Sources */,
				3203D1552508053400CFDABE /* 346.MovingAverageFromDataStream.swift in Sources */,
				32BF9D21249A46EC00308E47 /* 130.SurroundedRegions.swift in Sources */,
				32BF9CF52495B2E200308E47 /* 981.TimeBasedKey-ValueStore.swift in Sources */,
				32FBE9192501F4C7002DF970 /* 459.RepeatedSubstringPattern.swift in Sources */,
				3260806124FE6B7D005B079D /* 157.ReadNCharactersGivenRead4.swift in Sources */,
				32608065250079FE005B079D /* 220.ContainsDuplicateIII.swift in Sources */,
				32E375DF24DC5D61009D7750 /* 442.FindAllDuplicatesInAnArray.swift in Sources */,
				3203D16D250BB20C00CFDABE /* 152.MaximumProductSubarray.swift in Sources */,
				32E375E524DFBA11009D7750 /* 437.PathSumIII.swift in Sources */,
				32E375DB24DB0D7D009D7750 /* 211.AddAndSearchWordDataStructureDesign.swift in Sources */,
				3219F3CF251B823900BB342C /* 134.GasStation.swift in Sources */,
				32BF9CE3249533E300308E47 /* 284.PeekingIterator.swift in Sources */,
				32BC0625249CD89600D04FFA /* 274.H-Index.swift in Sources */,
			);
			runOnlyForDeploymentPostprocessing = 0;
		};
		32BF9CA52493D6E500308E47 /* Sources */ = {
			isa = PBXSourcesBuildPhase;
			buildActionMask = 2147483647;
			files = (
				32BF9CF72495B30C00308E47 /* 981.TimeBasedKey-ValueStoreTests.swift in Sources */,
				32BF9CCB2493D9CC00308E47 /* 380.InsertDeleteGetRandomTests.swift in Sources */,
				3219F3D3251B826C00BB342C /* 134.GasStationTests.swift in Sources */,
				3203D15B250868EF00CFDABE /* 1022.SumOfRootToLeafBinaryNumbersTests.swift in Sources */,
				32E375E124DC655E009D7750 /* 442.FindAllDuplicatesInAnArrayTests.swift in Sources */,
				3260805124E4ED21005B079D /* 119.PascalsTriangleIITests.swift in Sources */,
				321DFA7024D6E4850020BC5C /* 520.DetectCapitalTests.swift in Sources */,
				32BC0623249C797000D04FFA /* 275.HIndexIITests.swift in Sources */,
				32BF9CFB2495E6F000308E47 /* 83.RemoveDuplicatesfromSortedListTests.swift in Sources */,
				32BF9CE5249538E300308E47 /* 284.PeekingIteratorTests.swift in Sources */,
				3219F3B32518DC7E00BB342C /* 1094.CarPoolingTests.swift in Sources */,
				3260805D24E80A58005B079D /* 484.FindPermutationTests.swift in Sources */,
				3260806324FF38FD005B079D /* 157.ReadNCharactersGivenRead4Tests.swift in Sources */,
				321DFA6C24D679370020BC5C /* 359.LoggerRateLimiterTests.swift in Sources */,
				3219F3C9251AE94F00BB342C /* 229.MajorityElementIITests.swift in Sources */,
				32FBE91B2501F511002DF970 /* 459.RepeatedSubstringPatternTests.swift in Sources */,
				3203D15F2509269400CFDABE /* 165.CompareVersionNumbersTests.swift in Sources */,
				3203D167250B019B00CFDABE /* 492.ConstructTheRectangleTests.swift in Sources */,
				3219F3BD251A2ACD00BB342C /* 708.InsertIntoASortedCircularLinkedListTests.swift in Sources */,
				32BF9D1B24987A6A00308E47 /* 700.SearchInABinarySearchTreeTests.swift in Sources */,
				3203D153250728A400CFDABE /* 290.WordPatternTests.swift in Sources */,
				3203D16B250B214C00CFDABE /* 1119.RemoveVowelsFromAStringTests.swift in Sources */,
				32E375DD24DB0DA7009D7750 /* 211.AddAndSearchWordDataStructureDesign.swift in Sources */,
				32BC0627249CDC6600D04FFA /* 274.HIndexTests.swift in Sources */,
				32BF9CE12494EFB300308E47 /* 368.LargestDivisibleSubsetTests.swift in Sources */,
				3203D16F250BB25000CFDABE /* 152.MaximumProductSubarrayTests.swift in Sources */,
				32E375D524D83422009D7750 /* 125.ValidPalindromeTests.swift in Sources */,
				3260806725007A3E005B079D /* 220.ContainsDuplicateIIITests.swift in Sources */,
				3260805524E5681B005B079D /* 1286.IteratorForCombinationTests.swift in Sources */,
				3203D163250A499500CFDABE /* 299.BullsAndCowsTests.swift in Sources */,
				3203D1572508066E00CFDABE /* 346.MovingAverageFromDataStreamTests.swift in Sources */,
				32BF9D23249ABBF300308E47 /* 130.SurroundedRegionsTests.swift in Sources */,
				32BF9D1F2498E92500308E47 /* 468.ValidateIPAddressTests.swift in Sources */,
				326D094B24E1711700A9FCBE /* 171.ExcelSheetColumnNumberTests.swift in Sources */,
				3260805924E6A498005B079D /* 409.LongestPalindrome.swift in Sources */,
				32BF9CF32495A64B00308E47 /* 1.TwoSumTests.swift in Sources */,
				32E375D924D98600009D7750 /* 342.PowerofFourTests.swift in Sources */,
			);
			runOnlyForDeploymentPostprocessing = 0;
		};
/* End PBXSourcesBuildPhase section */

/* Begin PBXTargetDependency section */
		32BF9CAB2493D6E500308E47 /* PBXTargetDependency */ = {
			isa = PBXTargetDependency;
			target = 32BF9C922493D6E300308E47 /* Leetcode */;
			targetProxy = 32BF9CAA2493D6E500308E47 /* PBXContainerItemProxy */;
		};
/* End PBXTargetDependency section */

/* Begin PBXVariantGroup section */
		32BF9CBF2493D74A00308E47 /* LaunchScreen.storyboard */ = {
			isa = PBXVariantGroup;
			children = (
				32BF9CC02493D74A00308E47 /* Base */,
			);
			name = LaunchScreen.storyboard;
			sourceTree = "<group>";
		};
/* End PBXVariantGroup section */

/* Begin XCBuildConfiguration section */
		32BF9CB02493D6E500308E47 /* Debug */ = {
			isa = XCBuildConfiguration;
			buildSettings = {
				ALWAYS_SEARCH_USER_PATHS = NO;
				CLANG_ANALYZER_NONNULL = YES;
				CLANG_ANALYZER_NUMBER_OBJECT_CONVERSION = YES_AGGRESSIVE;
				CLANG_CXX_LANGUAGE_STANDARD = "gnu++14";
				CLANG_CXX_LIBRARY = "libc++";
				CLANG_ENABLE_MODULES = YES;
				CLANG_ENABLE_OBJC_ARC = YES;
				CLANG_ENABLE_OBJC_WEAK = YES;
				CLANG_WARN_BLOCK_CAPTURE_AUTORELEASING = YES;
				CLANG_WARN_BOOL_CONVERSION = YES;
				CLANG_WARN_COMMA = YES;
				CLANG_WARN_CONSTANT_CONVERSION = YES;
				CLANG_WARN_DEPRECATED_OBJC_IMPLEMENTATIONS = YES;
				CLANG_WARN_DIRECT_OBJC_ISA_USAGE = YES_ERROR;
				CLANG_WARN_DOCUMENTATION_COMMENTS = YES;
				CLANG_WARN_EMPTY_BODY = YES;
				CLANG_WARN_ENUM_CONVERSION = YES;
				CLANG_WARN_INFINITE_RECURSION = YES;
				CLANG_WARN_INT_CONVERSION = YES;
				CLANG_WARN_NON_LITERAL_NULL_CONVERSION = YES;
				CLANG_WARN_OBJC_IMPLICIT_RETAIN_SELF = YES;
				CLANG_WARN_OBJC_LITERAL_CONVERSION = YES;
				CLANG_WARN_OBJC_ROOT_CLASS = YES_ERROR;
				CLANG_WARN_RANGE_LOOP_ANALYSIS = YES;
				CLANG_WARN_STRICT_PROTOTYPES = YES;
				CLANG_WARN_SUSPICIOUS_MOVE = YES;
				CLANG_WARN_UNGUARDED_AVAILABILITY = YES_AGGRESSIVE;
				CLANG_WARN_UNREACHABLE_CODE = YES;
				CLANG_WARN__DUPLICATE_METHOD_MATCH = YES;
				COPY_PHASE_STRIP = NO;
				DEBUG_INFORMATION_FORMAT = dwarf;
				ENABLE_STRICT_OBJC_MSGSEND = YES;
				ENABLE_TESTABILITY = YES;
				GCC_C_LANGUAGE_STANDARD = gnu11;
				GCC_DYNAMIC_NO_PIC = NO;
				GCC_NO_COMMON_BLOCKS = YES;
				GCC_OPTIMIZATION_LEVEL = 0;
				GCC_PREPROCESSOR_DEFINITIONS = (
					"DEBUG=1",
					"$(inherited)",
				);
				GCC_WARN_64_TO_32_BIT_CONVERSION = YES;
				GCC_WARN_ABOUT_RETURN_TYPE = YES_ERROR;
				GCC_WARN_UNDECLARED_SELECTOR = YES;
				GCC_WARN_UNINITIALIZED_AUTOS = YES_AGGRESSIVE;
				GCC_WARN_UNUSED_FUNCTION = YES;
				GCC_WARN_UNUSED_VARIABLE = YES;
				IPHONEOS_DEPLOYMENT_TARGET = 13.5;
				MTL_ENABLE_DEBUG_INFO = INCLUDE_SOURCE;
				MTL_FAST_MATH = YES;
				ONLY_ACTIVE_ARCH = YES;
				SDKROOT = iphoneos;
				SWIFT_ACTIVE_COMPILATION_CONDITIONS = DEBUG;
				SWIFT_OPTIMIZATION_LEVEL = "-Onone";
			};
			name = Debug;
		};
		32BF9CB12493D6E500308E47 /* Release */ = {
			isa = XCBuildConfiguration;
			buildSettings = {
				ALWAYS_SEARCH_USER_PATHS = NO;
				CLANG_ANALYZER_NONNULL = YES;
				CLANG_ANALYZER_NUMBER_OBJECT_CONVERSION = YES_AGGRESSIVE;
				CLANG_CXX_LANGUAGE_STANDARD = "gnu++14";
				CLANG_CXX_LIBRARY = "libc++";
				CLANG_ENABLE_MODULES = YES;
				CLANG_ENABLE_OBJC_ARC = YES;
				CLANG_ENABLE_OBJC_WEAK = YES;
				CLANG_WARN_BLOCK_CAPTURE_AUTORELEASING = YES;
				CLANG_WARN_BOOL_CONVERSION = YES;
				CLANG_WARN_COMMA = YES;
				CLANG_WARN_CONSTANT_CONVERSION = YES;
				CLANG_WARN_DEPRECATED_OBJC_IMPLEMENTATIONS = YES;
				CLANG_WARN_DIRECT_OBJC_ISA_USAGE = YES_ERROR;
				CLANG_WARN_DOCUMENTATION_COMMENTS = YES;
				CLANG_WARN_EMPTY_BODY = YES;
				CLANG_WARN_ENUM_CONVERSION = YES;
				CLANG_WARN_INFINITE_RECURSION = YES;
				CLANG_WARN_INT_CONVERSION = YES;
				CLANG_WARN_NON_LITERAL_NULL_CONVERSION = YES;
				CLANG_WARN_OBJC_IMPLICIT_RETAIN_SELF = YES;
				CLANG_WARN_OBJC_LITERAL_CONVERSION = YES;
				CLANG_WARN_OBJC_ROOT_CLASS = YES_ERROR;
				CLANG_WARN_RANGE_LOOP_ANALYSIS = YES;
				CLANG_WARN_STRICT_PROTOTYPES = YES;
				CLANG_WARN_SUSPICIOUS_MOVE = YES;
				CLANG_WARN_UNGUARDED_AVAILABILITY = YES_AGGRESSIVE;
				CLANG_WARN_UNREACHABLE_CODE = YES;
				CLANG_WARN__DUPLICATE_METHOD_MATCH = YES;
				COPY_PHASE_STRIP = NO;
				DEBUG_INFORMATION_FORMAT = "dwarf-with-dsym";
				ENABLE_NS_ASSERTIONS = NO;
				ENABLE_STRICT_OBJC_MSGSEND = YES;
				GCC_C_LANGUAGE_STANDARD = gnu11;
				GCC_NO_COMMON_BLOCKS = YES;
				GCC_WARN_64_TO_32_BIT_CONVERSION = YES;
				GCC_WARN_ABOUT_RETURN_TYPE = YES_ERROR;
				GCC_WARN_UNDECLARED_SELECTOR = YES;
				GCC_WARN_UNINITIALIZED_AUTOS = YES_AGGRESSIVE;
				GCC_WARN_UNUSED_FUNCTION = YES;
				GCC_WARN_UNUSED_VARIABLE = YES;
				IPHONEOS_DEPLOYMENT_TARGET = 13.5;
				MTL_ENABLE_DEBUG_INFO = NO;
				MTL_FAST_MATH = YES;
				SDKROOT = iphoneos;
				SWIFT_COMPILATION_MODE = wholemodule;
				SWIFT_OPTIMIZATION_LEVEL = "-O";
				VALIDATE_PRODUCT = YES;
			};
			name = Release;
		};
		32BF9CB32493D6E500308E47 /* Debug */ = {
			isa = XCBuildConfiguration;
			buildSettings = {
				ASSETCATALOG_COMPILER_APPICON_NAME = AppIcon;
				CLANG_ENABLE_MODULES = YES;
				CODE_SIGN_STYLE = Automatic;
				DEVELOPMENT_ASSET_PATHS = "";
				DEVELOPMENT_TEAM = 83K5ZDN9P7;
				ENABLE_PREVIEWS = YES;
				INFOPLIST_FILE = Leetcode/Resources/Info.plist;
				LD_RUNPATH_SEARCH_PATHS = (
					"$(inherited)",
					"@executable_path/Frameworks",
				);
				PRODUCT_BUNDLE_IDENTIFIER = SudarshanSharma.Leetcode;
				PRODUCT_NAME = "$(TARGET_NAME)";
				SWIFT_OPTIMIZATION_LEVEL = "-Onone";
				SWIFT_VERSION = 5.0;
				TARGETED_DEVICE_FAMILY = "1,2";
			};
			name = Debug;
		};
		32BF9CB42493D6E500308E47 /* Release */ = {
			isa = XCBuildConfiguration;
			buildSettings = {
				ASSETCATALOG_COMPILER_APPICON_NAME = AppIcon;
				CLANG_ENABLE_MODULES = YES;
				CODE_SIGN_STYLE = Automatic;
				DEVELOPMENT_ASSET_PATHS = "";
				DEVELOPMENT_TEAM = 83K5ZDN9P7;
				ENABLE_PREVIEWS = YES;
				INFOPLIST_FILE = Leetcode/Resources/Info.plist;
				LD_RUNPATH_SEARCH_PATHS = (
					"$(inherited)",
					"@executable_path/Frameworks",
				);
				PRODUCT_BUNDLE_IDENTIFIER = SudarshanSharma.Leetcode;
				PRODUCT_NAME = "$(TARGET_NAME)";
				SWIFT_VERSION = 5.0;
				TARGETED_DEVICE_FAMILY = "1,2";
			};
			name = Release;
		};
		32BF9CB62493D6E500308E47 /* Debug */ = {
			isa = XCBuildConfiguration;
			buildSettings = {
				ALWAYS_EMBED_SWIFT_STANDARD_LIBRARIES = YES;
				BUNDLE_LOADER = "$(TEST_HOST)";
				CODE_SIGN_STYLE = Automatic;
				DEVELOPMENT_TEAM = 83K5ZDN9P7;
				INFOPLIST_FILE = LeetcodeTests/Info.plist;
				IPHONEOS_DEPLOYMENT_TARGET = 13.5;
				LD_RUNPATH_SEARCH_PATHS = (
					"$(inherited)",
					"@executable_path/Frameworks",
					"@loader_path/Frameworks",
				);
				PRODUCT_BUNDLE_IDENTIFIER = SudarshanSharma.LeetcodeTests;
				PRODUCT_NAME = "$(TARGET_NAME)";
				SWIFT_VERSION = 5.0;
				TARGETED_DEVICE_FAMILY = "1,2";
				TEST_HOST = "$(BUILT_PRODUCTS_DIR)/Leetcode.app/Leetcode";
			};
			name = Debug;
		};
		32BF9CB72493D6E500308E47 /* Release */ = {
			isa = XCBuildConfiguration;
			buildSettings = {
				ALWAYS_EMBED_SWIFT_STANDARD_LIBRARIES = YES;
				BUNDLE_LOADER = "$(TEST_HOST)";
				CODE_SIGN_STYLE = Automatic;
				DEVELOPMENT_TEAM = 83K5ZDN9P7;
				INFOPLIST_FILE = LeetcodeTests/Info.plist;
				IPHONEOS_DEPLOYMENT_TARGET = 13.5;
				LD_RUNPATH_SEARCH_PATHS = (
					"$(inherited)",
					"@executable_path/Frameworks",
					"@loader_path/Frameworks",
				);
				PRODUCT_BUNDLE_IDENTIFIER = SudarshanSharma.LeetcodeTests;
				PRODUCT_NAME = "$(TARGET_NAME)";
				SWIFT_VERSION = 5.0;
				TARGETED_DEVICE_FAMILY = "1,2";
				TEST_HOST = "$(BUILT_PRODUCTS_DIR)/Leetcode.app/Leetcode";
			};
			name = Release;
		};
/* End XCBuildConfiguration section */

/* Begin XCConfigurationList section */
		32BF9C8E2493D6E300308E47 /* Build configuration list for PBXProject "Leetcode" */ = {
			isa = XCConfigurationList;
			buildConfigurations = (
				32BF9CB02493D6E500308E47 /* Debug */,
				32BF9CB12493D6E500308E47 /* Release */,
			);
			defaultConfigurationIsVisible = 0;
			defaultConfigurationName = Release;
		};
		32BF9CB22493D6E500308E47 /* Build configuration list for PBXNativeTarget "Leetcode" */ = {
			isa = XCConfigurationList;
			buildConfigurations = (
				32BF9CB32493D6E500308E47 /* Debug */,
				32BF9CB42493D6E500308E47 /* Release */,
			);
			defaultConfigurationIsVisible = 0;
			defaultConfigurationName = Release;
		};
		32BF9CB52493D6E500308E47 /* Build configuration list for PBXNativeTarget "LeetcodeTests" */ = {
			isa = XCConfigurationList;
			buildConfigurations = (
				32BF9CB62493D6E500308E47 /* Debug */,
				32BF9CB72493D6E500308E47 /* Release */,
			);
			defaultConfigurationIsVisible = 0;
			defaultConfigurationName = Release;
		};
/* End XCConfigurationList section */
	};
	rootObject = 32BF9C8B2493D6E300308E47 /* Project object */;
}
