// !$*UTF8*$!
{
	archiveVersion = 1;
	classes = {
	};
	objectVersion = 50;
	objects = {

/* Begin PBXBuildFile section */
		3203D1552508053400CFDABE /* 346.MovingAverageFromDataStream.swift in Sources */ = {isa = PBXBuildFile; fileRef = 3203D1542508053400CFDABE /* 346.MovingAverageFromDataStream.swift */; };
		3203D159250868D800CFDABE /* 1022.SumOfRootToLeafBinaryNumbers.swift in Sources */ = {isa = PBXBuildFile; fileRef = 3203D158250868D800CFDABE /* 1022.SumOfRootToLeafBinaryNumbers.swift */; };
		3203D15D2509256B00CFDABE /* 165.CompareVersionNumbers.swift in Sources */ = {isa = PBXBuildFile; fileRef = 3203D15C2509256B00CFDABE /* 165.CompareVersionNumbers.swift */; };
		3203D161250A492100CFDABE /* 299.BullsAndCows.swift in Sources */ = {isa = PBXBuildFile; fileRef = 3203D160250A492100CFDABE /* 299.BullsAndCows.swift */; };
		3203D165250B018900CFDABE /* 492.ConstructTheRectangle.swift in Sources */ = {isa = PBXBuildFile; fileRef = 3203D164250B018900CFDABE /* 492.ConstructTheRectangle.swift */; };
		3203D169250B20D700CFDABE /* 1119.RemoveVowelsFromAString.swift in Sources */ = {isa = PBXBuildFile; fileRef = 3203D168250B20D700CFDABE /* 1119.RemoveVowelsFromAString.swift */; };
		3203D16D250BB20C00CFDABE /* 152.MaximumProductSubarray.swift in Sources */ = {isa = PBXBuildFile; fileRef = 3203D16C250BB20C00CFDABE /* 152.MaximumProductSubarray.swift */; };
		3204F3F725AD49240006C290 /* 88.MergeSortedArray.swift in Sources */ = {isa = PBXBuildFile; fileRef = 3204F3F625AD49240006C290 /* 88.MergeSortedArray.swift */; };
		3204F40125AEADD60006C290 /* 2.AddTwoNumbers.swift in Sources */ = {isa = PBXBuildFile; fileRef = 3204F40025AEADD60006C290 /* 2.AddTwoNumbers.swift */; };
		3204F40B25AF25580006C290 /* 881.BoatsToSavePeople.swift in Sources */ = {isa = PBXBuildFile; fileRef = 3204F40A25AF25580006C290 /* 881.BoatsToSavePeople.swift */; };
		3219F3AF2518DC4400BB342C /* 1094.CarPooling.swift in Sources */ = {isa = PBXBuildFile; fileRef = 3219F3AE2518DC4400BB342C /* 1094.CarPooling.swift */; };
		3219F3B9251A2A6900BB342C /* 708.InsertIntoASortedCircularLinkedList.swift in Sources */ = {isa = PBXBuildFile; fileRef = 3219F3B8251A2A6900BB342C /* 708.InsertIntoASortedCircularLinkedList.swift */; };
		3219F3C5251AE92100BB342C /* 229.MajorityElementII.swift in Sources */ = {isa = PBXBuildFile; fileRef = 3219F3C4251AE92100BB342C /* 229.MajorityElementII.swift */; };
		3219F3CF251B823900BB342C /* 134.GasStation.swift in Sources */ = {isa = PBXBuildFile; fileRef = 3219F3CE251B823900BB342C /* 134.GasStation.swift */; };
		3219F3D9251CC16400BB342C /* 389.FindTheDifference.swift in Sources */ = {isa = PBXBuildFile; fileRef = 3219F3D8251CC16400BB342C /* 389.FindTheDifference.swift */; };
		3219F3E3251E180C00BB342C /* 179.LargestNumber.swift in Sources */ = {isa = PBXBuildFile; fileRef = 3219F3E2251E180C00BB342C /* 179.LargestNumber.swift */; };
		3219F3ED2520149800BB342C /* 496.TeemoAttacking.swift in Sources */ = {isa = PBXBuildFile; fileRef = 3219F3EC2520149800BB342C /* 496.TeemoAttacking.swift */; };
		3219F3F7252186AA00BB342C /* 399.EvaluateDivision.swift in Sources */ = {isa = PBXBuildFile; fileRef = 3219F3F6252186AA00BB342C /* 399.EvaluateDivision.swift */; };
		321DFA6624AE2AD30020BC5C /* 107.BinaryTreeLevelOrderTraversalII.swift in Sources */ = {isa = PBXBuildFile; fileRef = 321DFA6524AE2AD30020BC5C /* 107.BinaryTreeLevelOrderTraversalII.swift */; };
		321DFA6824B0459D0020BC5C /* 957.PrisonCellsAfterNDays.swift in Sources */ = {isa = PBXBuildFile; fileRef = 321DFA6724B0459D0020BC5C /* 957.PrisonCellsAfterNDays.swift */; };
		321DFA6A24D672F60020BC5C /* 359.LoggerRateLimiter.swift in Sources */ = {isa = PBXBuildFile; fileRef = 321DFA6924D672F60020BC5C /* 359.LoggerRateLimiter.swift */; };
		321DFA6E24D67C430020BC5C /* 520.DetectCapital.swift in Sources */ = {isa = PBXBuildFile; fileRef = 321DFA6D24D67C430020BC5C /* 520.DetectCapital.swift */; };
		321DFA7224D6E53D0020BC5C /* 705.DesignHashSet.swift in Sources */ = {isa = PBXBuildFile; fileRef = 321DFA7124D6E53D0020BC5C /* 705.DesignHashSet.swift */; };
		32513E2F25B6692400027F4A /* 1679.MaxNumberOfKSumPairs.swift in Sources */ = {isa = PBXBuildFile; fileRef = 32513E2E25B6692300027F4A /* 1679.MaxNumberOfKSumPairs.swift */; };
		32513E3B25B7F14900027F4A /* 5.LongestPalindromicSubstring.swift in Sources */ = {isa = PBXBuildFile; fileRef = 32513E3A25B7F14900027F4A /* 5.LongestPalindromicSubstring.swift */; };
		32513E4525B909EB00027F4A /* 20.ValidParentheses.swift in Sources */ = {isa = PBXBuildFile; fileRef = 32513E4425B909EB00027F4A /* 20.ValidParentheses.swift */; };
		32513E4F25B90D1E00027F4A /* 339.NestedListWeightSum.swift in Sources */ = {isa = PBXBuildFile; fileRef = 32513E4E25B90D1E00027F4A /* 339.NestedListWeightSum.swift */; };
		32513E5325BA74FF00027F4A /* 1673.FindTheMostCompetitiveSubsequence.swift in Sources */ = {isa = PBXBuildFile; fileRef = 32513E5225BA74FF00027F4A /* 1673.FindTheMostCompetitiveSubsequence.swift */; };
		32513E5725BB292F00027F4A /* 1657.DetermineIfTwoStringsAreClose.swift in Sources */ = {isa = PBXBuildFile; fileRef = 32513E5625BB292F00027F4A /* 1657.DetermineIfTwoStringsAreClose.swift */; };
		32513E6125BB5BF500027F4A /* 161.OneEditDistance.swift in Sources */ = {isa = PBXBuildFile; fileRef = 32513E6025BB5BF500027F4A /* 161.OneEditDistance.swift */; };
		32513E6B25BC492D00027F4A /* 1329.SortTheMatrixDiagonally.swift in Sources */ = {isa = PBXBuildFile; fileRef = 32513E6A25BC492D00027F4A /* 1329.SortTheMatrixDiagonally.swift */; };
		32513E7525BDB69A00027F4A /* 23.MergeKSortedLists.swift in Sources */ = {isa = PBXBuildFile; fileRef = 32513E7425BDB69A00027F4A /* 23.MergeKSortedLists.swift */; };
		32513E8325BFBEF100027F4A /* 1437. CheckIfAll1sAreAtLeastLengthKPlacesAway.swift in Sources */ = {isa = PBXBuildFile; fileRef = 32513E8225BFBEF100027F4A /* 1437. CheckIfAll1sAreAtLeastLengthKPlacesAway.swift */; };
		32513E8D25C049C000027F4A /* 1631.PathWithMinimumEffort.swift in Sources */ = {isa = PBXBuildFile; fileRef = 32513E8C25C049C000027F4A /* 1631.PathWithMinimumEffort.swift */; };
		32513EA125C1B7B500027F4A /* 1680.ConcatenationOfConsecutiveBinaryNumbers.swift in Sources */ = {isa = PBXBuildFile; fileRef = 32513EA025C1B7B500027F4A /* 1680.ConcatenationOfConsecutiveBinaryNumbers.swift */; };
		32513EA525C3956A00027F4A /* 1663.SmallestStringWithAGivenNumericValue.swift in Sources */ = {isa = PBXBuildFile; fileRef = 32513EA425C3956A00027F4A /* 1663.SmallestStringWithAGivenNumericValue.swift */; };
		32513EAF25C44BD500027F4A /* 987.VerticalOrderTraversalOfABinaryTree.swift in Sources */ = {isa = PBXBuildFile; fileRef = 32513EAE25C44BD500027F4A /* 987.VerticalOrderTraversalOfABinaryTree.swift */; };
		32513EB325C44C3400027F4A /* LeetcodeUnitTests.swift in Sources */ = {isa = PBXBuildFile; fileRef = 32513EB225C44C3400027F4A /* LeetcodeUnitTests.swift */; };
		32513ED325C5130D00027F4A /* 750.NumberOfCornerRectangles.swift in Sources */ = {isa = PBXBuildFile; fileRef = 32513ED225C5130D00027F4A /* 750.NumberOfCornerRectangles.swift */; };
		32513ED725C5AED600027F4A /* 1675.MinimizeDeviationInArray.swift in Sources */ = {isa = PBXBuildFile; fileRef = 32513ED625C5AED600027F4A /* 1675.MinimizeDeviationInArray.swift */; };
		32513EDB25C6D89300027F4A /* 31.NextPermutation.swift in Sources */ = {isa = PBXBuildFile; fileRef = 32513EDA25C6D89300027F4A /* 31.NextPermutation.swift */; };
		32513EE525C796B000027F4A /* 1512.NumberOfGoodPairs.swift in Sources */ = {isa = PBXBuildFile; fileRef = 32513EE425C796B000027F4A /* 1512.NumberOfGoodPairs.swift */; };
		32513EE925C79EEA00027F4A /* 760.FindAnagramMappings.swift in Sources */ = {isa = PBXBuildFile; fileRef = 32513EE825C79EEA00027F4A /* 760.FindAnagramMappings.swift */; };
		32513EED25C7B11300027F4A /* 1213.IntersectionOfThreeSortedArrays.swift in Sources */ = {isa = PBXBuildFile; fileRef = 32513EEC25C7B11300027F4A /* 1213.IntersectionOfThreeSortedArrays.swift */; };
		3260804F24E41A87005B079D /* 119.Pascal'sTriangleII.swift in Sources */ = {isa = PBXBuildFile; fileRef = 3260804E24E41A87005B079D /* 119.Pascal'sTriangleII.swift */; };
		3260805324E567D8005B079D /* 1286.IteratorForCombination.swift in Sources */ = {isa = PBXBuildFile; fileRef = 3260805224E567D8005B079D /* 1286.IteratorForCombination.swift */; };
		3260805724E6A38A005B079D /* 409.LongestPalindrome.swift in Sources */ = {isa = PBXBuildFile; fileRef = 3260805624E6A38A005B079D /* 409.LongestPalindrome.swift */; };
		3260805B24E80A12005B079D /* 484.FindPermutation.swift in Sources */ = {isa = PBXBuildFile; fileRef = 3260805A24E80A12005B079D /* 484.FindPermutation.swift */; };
		3260805F24EA4249005B079D /* 123.BestTimeToBuyAndSellStockIII.swift in Sources */ = {isa = PBXBuildFile; fileRef = 3260805E24EA4249005B079D /* 123.BestTimeToBuyAndSellStockIII.swift */; };
		3260806124FE6B7D005B079D /* 157.ReadNCharactersGivenRead4.swift in Sources */ = {isa = PBXBuildFile; fileRef = 3260806024FE6B7D005B079D /* 157.ReadNCharactersGivenRead4.swift */; };
		32608065250079FE005B079D /* 220.ContainsDuplicateIII.swift in Sources */ = {isa = PBXBuildFile; fileRef = 32608064250079FE005B079D /* 220.ContainsDuplicateIII.swift */; };
		326D094924E170DC00A9FCBE /* 171.ExcelSheetColumnNumber.swift in Sources */ = {isa = PBXBuildFile; fileRef = 326D094824E170DC00A9FCBE /* 171.ExcelSheetColumnNumber.swift */; };
		3281FE5925AFE51C006C1D36 /* 28.ImplementstrStr().swift in Sources */ = {isa = PBXBuildFile; fileRef = 3281FE5825AFE51C006C1D36 /* 28.ImplementstrStr().swift */; };
		3281FE6325B089A5006C1D36 /* 1658.MinimumOperationsToReduceXToZero.swift in Sources */ = {isa = PBXBuildFile; fileRef = 3281FE6225B089A5006C1D36 /* 1658.MinimumOperationsToReduceXToZero.swift */; };
		32BC0621249C77F600D04FFA /* 275.H-IndexII.swift in Sources */ = {isa = PBXBuildFile; fileRef = 32BC0620249C77F600D04FFA /* 275.H-IndexII.swift */; };
		32BC0625249CD89600D04FFA /* 274.H-Index.swift in Sources */ = {isa = PBXBuildFile; fileRef = 32BC0624249CD89600D04FFA /* 274.H-Index.swift */; };
		32BF9CBD2493D74400308E47 /* Assets.xcassets in Resources */ = {isa = PBXBuildFile; fileRef = 32BF9CBB2493D74400308E47 /* Assets.xcassets */; };
		32BF9CC12493D74A00308E47 /* LaunchScreen.storyboard in Resources */ = {isa = PBXBuildFile; fileRef = 32BF9CBF2493D74A00308E47 /* LaunchScreen.storyboard */; };
		32BF9CC52493D75500308E47 /* ContentView.swift in Sources */ = {isa = PBXBuildFile; fileRef = 32BF9CC22493D75500308E47 /* ContentView.swift */; };
		32BF9CC62493D75500308E47 /* AppDelegate.swift in Sources */ = {isa = PBXBuildFile; fileRef = 32BF9CC32493D75500308E47 /* AppDelegate.swift */; };
		32BF9CC72493D75500308E47 /* SceneDelegate.swift in Sources */ = {isa = PBXBuildFile; fileRef = 32BF9CC42493D75500308E47 /* SceneDelegate.swift */; };
		32BF9CC92493D8A700308E47 /* 380.InsertDeleteGetRandomO(1).swift in Sources */ = {isa = PBXBuildFile; fileRef = 32BF9CC82493D8A700308E47 /* 380.InsertDeleteGetRandomO(1).swift */; };
		32BF9CCD2493FC1F00308E47 /* README.md in Resources */ = {isa = PBXBuildFile; fileRef = 32BF9CCC2493FC1F00308E47 /* README.md */; };
		32BF9CDD2494EF5C00308E47 /* 368.LargestDivisibleSubset.swift in Sources */ = {isa = PBXBuildFile; fileRef = 32BF9CDC2494EF5C00308E47 /* 368.LargestDivisibleSubset.swift */; };
		32BF9CE3249533E300308E47 /* 284.PeekingIterator.swift in Sources */ = {isa = PBXBuildFile; fileRef = 32BF9CE2249533E300308E47 /* 284.PeekingIterator.swift */; };
		32BF9CF12495A39600308E47 /* 1.TwoSum.swift in Sources */ = {isa = PBXBuildFile; fileRef = 32BF9CF02495A39600308E47 /* 1.TwoSum.swift */; };
		32BF9CF52495B2E200308E47 /* 981.TimeBasedKey-ValueStore.swift in Sources */ = {isa = PBXBuildFile; fileRef = 32BF9CF42495B2E200308E47 /* 981.TimeBasedKey-ValueStore.swift */; };
		32BF9CF92495E69400308E47 /* 83.RemoveDuplicatesfromSortedList.swift in Sources */ = {isa = PBXBuildFile; fileRef = 32BF9CF82495E69400308E47 /* 83.RemoveDuplicatesfromSortedList.swift */; };
		32BF9CFD24967BDB00308E47 /* 82.RemoveDuplicatesfromSortedListII.swift in Sources */ = {isa = PBXBuildFile; fileRef = 32BF9CFC24967BDB00308E47 /* 82.RemoveDuplicatesfromSortedListII.swift */; };
		32BF9D192498789700308E47 /* 700.SearchInABinarySearchTree.swift in Sources */ = {isa = PBXBuildFile; fileRef = 32BF9D182498789700308E47 /* 700.SearchInABinarySearchTree.swift */; };
		32BF9D1D2498E8E800308E47 /* 468.ValidateIPAddress.swift in Sources */ = {isa = PBXBuildFile; fileRef = 32BF9D1C2498E8E800308E47 /* 468.ValidateIPAddress.swift */; };
		32BF9D21249A46EC00308E47 /* 130.SurroundedRegions.swift in Sources */ = {isa = PBXBuildFile; fileRef = 32BF9D20249A46EC00308E47 /* 130.SurroundedRegions.swift */; };
		32D69C392526CB1F004FC820 /* 624.MaximumDistanceInArrays.swift in Sources */ = {isa = PBXBuildFile; fileRef = 32D69C382526CB1F004FC820 /* 624.MaximumDistanceInArrays.swift */; };
		32D69C43252ABE77004FC820 /* 1288.RemoveCoveredIntervals.swift in Sources */ = {isa = PBXBuildFile; fileRef = 32D69C42252ABE77004FC820 /* 1288.RemoveCoveredIntervals.swift */; };
		32D69C4D252D60F5004FC820 /* 701.InsertIntoABinarySearchTree.swift in Sources */ = {isa = PBXBuildFile; fileRef = 32D69C4C252D60F5004FC820 /* 701.InsertIntoABinarySearchTree.swift */; };
		32E375D324D83408009D7750 /* 125.ValidPalindrome.swift in Sources */ = {isa = PBXBuildFile; fileRef = 32E375D224D83408009D7750 /* 125.ValidPalindrome.swift */; };
		32E375D724D985CC009D7750 /* 342.PowerofFour.swift in Sources */ = {isa = PBXBuildFile; fileRef = 32E375D624D985CC009D7750 /* 342.PowerofFour.swift */; };
		32E375DB24DB0D7D009D7750 /* 211.AddAndSearchWordDataStructureDesign.swift in Sources */ = {isa = PBXBuildFile; fileRef = 32E375DA24DB0D7D009D7750 /* 211.AddAndSearchWordDataStructureDesign.swift */; };
		32E375DF24DC5D61009D7750 /* 442.FindAllDuplicatesInAnArray.swift in Sources */ = {isa = PBXBuildFile; fileRef = 32E375DE24DC5D61009D7750 /* 442.FindAllDuplicatesInAnArray.swift */; };
		32E375E324DFB4CF009D7750 /* 270.ClosestBinarySearchTreeValue.swift in Sources */ = {isa = PBXBuildFile; fileRef = 32E375E224DFB4CF009D7750 /* 270.ClosestBinarySearchTreeValue.swift */; };
		32E375E524DFBA11009D7750 /* 437.PathSumIII.swift in Sources */ = {isa = PBXBuildFile; fileRef = 32E375E424DFBA11009D7750 /* 437.PathSumIII.swift */; };
		32EB3B8925A0071A00DF0FC3 /* 1640.CheckArrayFormationThroughConcatenation.swift in Sources */ = {isa = PBXBuildFile; fileRef = 32EB3B8825A0071A00DF0FC3 /* 1640.CheckArrayFormationThroughConcatenation.swift */; };
		32EB3B9325A0149E00DF0FC3 /* 266.PalindromePermutation.swift in Sources */ = {isa = PBXBuildFile; fileRef = 32EB3B9225A0149E00DF0FC3 /* 266.PalindromePermutation.swift */; };
		32EB3B9D25A0D07C00DF0FC3 /* 1379.FindACorrespondingNodeOfABinaryTreeInACloneOfThatTree .swift in Sources */ = {isa = PBXBuildFile; fileRef = 32EB3B9C25A0D07C00DF0FC3 /* 1379.FindACorrespondingNodeOfABinaryTreeInACloneOfThatTree .swift */; };
		32EB3BA725A207E800DF0FC3 /* 526.BeautifulArrangement.swift in Sources */ = {isa = PBXBuildFile; fileRef = 32EB3BA625A207E800DF0FC3 /* 526.BeautifulArrangement.swift */; };
		32EB3BB125A3485B00DF0FC3 /* 21.MergeTwoSortedLists.swift in Sources */ = {isa = PBXBuildFile; fileRef = 32EB3BB025A3485B00DF0FC3 /* 21.MergeTwoSortedLists.swift */; };
		32EB3BC125A6155200DF0FC3 /* 1539.KthMissingPositiveNumber.swift in Sources */ = {isa = PBXBuildFile; fileRef = 32EB3BC025A6155200DF0FC3 /* 1539.KthMissingPositiveNumber.swift */; };
		32EB3BCB25A7676500DF0FC3 /* 3.LongestSubstringWithoutRepeatingCharacters.swift in Sources */ = {isa = PBXBuildFile; fileRef = 32EB3BCA25A7676500DF0FC3 /* 3.LongestSubstringWithoutRepeatingCharacters.swift */; };
		32EB3BD525A9872B00DF0FC3 /* 1662.CheckIfTwoStringArraysAreEquivalent.swift in Sources */ = {isa = PBXBuildFile; fileRef = 32EB3BD425A9872B00DF0FC3 /* 1662.CheckIfTwoStringArraysAreEquivalent.swift */; };
		32EB3BE325AA745600DF0FC3 /* 127.WordLadder.swift in Sources */ = {isa = PBXBuildFile; fileRef = 32EB3BE225AA745600DF0FC3 /* 127.WordLadder.swift */; };
		32EB3BE925ABF1FB00DF0FC3 /* 1649.CreateSortedArrayThroughInstructions.swift in Sources */ = {isa = PBXBuildFile; fileRef = 32EB3BE825ABF1FB00DF0FC3 /* 1649.CreateSortedArrayThroughInstructions.swift */; };
		32FBE9192501F4C7002DF970 /* 459.RepeatedSubstringPattern.swift in Sources */ = {isa = PBXBuildFile; fileRef = 32FBE9182501F4C7002DF970 /* 459.RepeatedSubstringPattern.swift */; };
		32FBE91D25072853002DF970 /* 290.WordPattern.swift in Sources */ = {isa = PBXBuildFile; fileRef = 32FBE91C25072853002DF970 /* 290.WordPattern.swift */; };
/* End PBXBuildFile section */

/* Begin PBXContainerItemProxy section */
		32BF9CAA2493D6E500308E47 /* PBXContainerItemProxy */ = {
			isa = PBXContainerItemProxy;
			containerPortal = 32BF9C8B2493D6E300308E47 /* Project object */;
			proxyType = 1;
			remoteGlobalIDString = 32BF9C922493D6E300308E47;
			remoteInfo = Leetcode;
		};
/* End PBXContainerItemProxy section */

/* Begin PBXFileReference section */
		3203D1542508053400CFDABE /* 346.MovingAverageFromDataStream.swift */ = {isa = PBXFileReference; lastKnownFileType = sourcecode.swift; path = 346.MovingAverageFromDataStream.swift; sourceTree = "<group>"; };
		3203D158250868D800CFDABE /* 1022.SumOfRootToLeafBinaryNumbers.swift */ = {isa = PBXFileReference; lastKnownFileType = sourcecode.swift; path = 1022.SumOfRootToLeafBinaryNumbers.swift; sourceTree = "<group>"; };
		3203D15C2509256B00CFDABE /* 165.CompareVersionNumbers.swift */ = {isa = PBXFileReference; lastKnownFileType = sourcecode.swift; path = 165.CompareVersionNumbers.swift; sourceTree = "<group>"; };
		3203D160250A492100CFDABE /* 299.BullsAndCows.swift */ = {isa = PBXFileReference; lastKnownFileType = sourcecode.swift; path = 299.BullsAndCows.swift; sourceTree = "<group>"; };
		3203D164250B018900CFDABE /* 492.ConstructTheRectangle.swift */ = {isa = PBXFileReference; lastKnownFileType = sourcecode.swift; path = 492.ConstructTheRectangle.swift; sourceTree = "<group>"; };
		3203D168250B20D700CFDABE /* 1119.RemoveVowelsFromAString.swift */ = {isa = PBXFileReference; lastKnownFileType = sourcecode.swift; path = 1119.RemoveVowelsFromAString.swift; sourceTree = "<group>"; };
		3203D16C250BB20C00CFDABE /* 152.MaximumProductSubarray.swift */ = {isa = PBXFileReference; lastKnownFileType = sourcecode.swift; path = 152.MaximumProductSubarray.swift; sourceTree = "<group>"; };
		3204F3F625AD49240006C290 /* 88.MergeSortedArray.swift */ = {isa = PBXFileReference; lastKnownFileType = sourcecode.swift; path = 88.MergeSortedArray.swift; sourceTree = "<group>"; };
		3204F40025AEADD60006C290 /* 2.AddTwoNumbers.swift */ = {isa = PBXFileReference; lastKnownFileType = sourcecode.swift; path = 2.AddTwoNumbers.swift; sourceTree = "<group>"; };
		3204F40A25AF25580006C290 /* 881.BoatsToSavePeople.swift */ = {isa = PBXFileReference; lastKnownFileType = sourcecode.swift; path = 881.BoatsToSavePeople.swift; sourceTree = "<group>"; };
		3219F3AE2518DC4400BB342C /* 1094.CarPooling.swift */ = {isa = PBXFileReference; lastKnownFileType = sourcecode.swift; path = 1094.CarPooling.swift; sourceTree = "<group>"; };
		3219F3B8251A2A6900BB342C /* 708.InsertIntoASortedCircularLinkedList.swift */ = {isa = PBXFileReference; lastKnownFileType = sourcecode.swift; path = 708.InsertIntoASortedCircularLinkedList.swift; sourceTree = "<group>"; };
		3219F3C4251AE92100BB342C /* 229.MajorityElementII.swift */ = {isa = PBXFileReference; lastKnownFileType = sourcecode.swift; path = 229.MajorityElementII.swift; sourceTree = "<group>"; };
		3219F3CE251B823900BB342C /* 134.GasStation.swift */ = {isa = PBXFileReference; lastKnownFileType = sourcecode.swift; path = 134.GasStation.swift; sourceTree = "<group>"; };
		3219F3D8251CC16400BB342C /* 389.FindTheDifference.swift */ = {isa = PBXFileReference; lastKnownFileType = sourcecode.swift; path = 389.FindTheDifference.swift; sourceTree = "<group>"; };
		3219F3E2251E180C00BB342C /* 179.LargestNumber.swift */ = {isa = PBXFileReference; lastKnownFileType = sourcecode.swift; path = 179.LargestNumber.swift; sourceTree = "<group>"; };
		3219F3EC2520149800BB342C /* 496.TeemoAttacking.swift */ = {isa = PBXFileReference; lastKnownFileType = sourcecode.swift; path = 496.TeemoAttacking.swift; sourceTree = "<group>"; };
		3219F3F6252186AA00BB342C /* 399.EvaluateDivision.swift */ = {isa = PBXFileReference; lastKnownFileType = sourcecode.swift; path = 399.EvaluateDivision.swift; sourceTree = "<group>"; };
		321DFA6524AE2AD30020BC5C /* 107.BinaryTreeLevelOrderTraversalII.swift */ = {isa = PBXFileReference; lastKnownFileType = sourcecode.swift; path = 107.BinaryTreeLevelOrderTraversalII.swift; sourceTree = "<group>"; };
		321DFA6724B0459D0020BC5C /* 957.PrisonCellsAfterNDays.swift */ = {isa = PBXFileReference; lastKnownFileType = sourcecode.swift; path = 957.PrisonCellsAfterNDays.swift; sourceTree = "<group>"; };
		321DFA6924D672F60020BC5C /* 359.LoggerRateLimiter.swift */ = {isa = PBXFileReference; lastKnownFileType = sourcecode.swift; path = 359.LoggerRateLimiter.swift; sourceTree = "<group>"; };
		321DFA6D24D67C430020BC5C /* 520.DetectCapital.swift */ = {isa = PBXFileReference; lastKnownFileType = sourcecode.swift; path = 520.DetectCapital.swift; sourceTree = "<group>"; };
		321DFA7124D6E53D0020BC5C /* 705.DesignHashSet.swift */ = {isa = PBXFileReference; lastKnownFileType = sourcecode.swift; path = 705.DesignHashSet.swift; sourceTree = "<group>"; };
		32513E2E25B6692300027F4A /* 1679.MaxNumberOfKSumPairs.swift */ = {isa = PBXFileReference; lastKnownFileType = sourcecode.swift; path = 1679.MaxNumberOfKSumPairs.swift; sourceTree = "<group>"; };
		32513E3A25B7F14900027F4A /* 5.LongestPalindromicSubstring.swift */ = {isa = PBXFileReference; lastKnownFileType = sourcecode.swift; path = 5.LongestPalindromicSubstring.swift; sourceTree = "<group>"; };
		32513E4425B909EB00027F4A /* 20.ValidParentheses.swift */ = {isa = PBXFileReference; lastKnownFileType = sourcecode.swift; path = 20.ValidParentheses.swift; sourceTree = "<group>"; };
		32513E4E25B90D1E00027F4A /* 339.NestedListWeightSum.swift */ = {isa = PBXFileReference; lastKnownFileType = sourcecode.swift; path = 339.NestedListWeightSum.swift; sourceTree = "<group>"; };
		32513E5225BA74FF00027F4A /* 1673.FindTheMostCompetitiveSubsequence.swift */ = {isa = PBXFileReference; lastKnownFileType = sourcecode.swift; path = 1673.FindTheMostCompetitiveSubsequence.swift; sourceTree = "<group>"; };
		32513E5625BB292F00027F4A /* 1657.DetermineIfTwoStringsAreClose.swift */ = {isa = PBXFileReference; lastKnownFileType = sourcecode.swift; path = 1657.DetermineIfTwoStringsAreClose.swift; sourceTree = "<group>"; };
		32513E6025BB5BF500027F4A /* 161.OneEditDistance.swift */ = {isa = PBXFileReference; lastKnownFileType = sourcecode.swift; path = 161.OneEditDistance.swift; sourceTree = "<group>"; };
		32513E6A25BC492D00027F4A /* 1329.SortTheMatrixDiagonally.swift */ = {isa = PBXFileReference; lastKnownFileType = sourcecode.swift; path = 1329.SortTheMatrixDiagonally.swift; sourceTree = "<group>"; };
		32513E7425BDB69A00027F4A /* 23.MergeKSortedLists.swift */ = {isa = PBXFileReference; lastKnownFileType = sourcecode.swift; path = 23.MergeKSortedLists.swift; sourceTree = "<group>"; };
		32513E8225BFBEF100027F4A /* 1437. CheckIfAll1sAreAtLeastLengthKPlacesAway.swift */ = {isa = PBXFileReference; lastKnownFileType = sourcecode.swift; path = "1437. CheckIfAll1sAreAtLeastLengthKPlacesAway.swift"; sourceTree = "<group>"; };
		32513E8C25C049C000027F4A /* 1631.PathWithMinimumEffort.swift */ = {isa = PBXFileReference; lastKnownFileType = sourcecode.swift; path = 1631.PathWithMinimumEffort.swift; sourceTree = "<group>"; };
		32513EA025C1B7B500027F4A /* 1680.ConcatenationOfConsecutiveBinaryNumbers.swift */ = {isa = PBXFileReference; lastKnownFileType = sourcecode.swift; path = 1680.ConcatenationOfConsecutiveBinaryNumbers.swift; sourceTree = "<group>"; };
		32513EA425C3956A00027F4A /* 1663.SmallestStringWithAGivenNumericValue.swift */ = {isa = PBXFileReference; lastKnownFileType = sourcecode.swift; path = 1663.SmallestStringWithAGivenNumericValue.swift; sourceTree = "<group>"; };
		32513EAE25C44BD500027F4A /* 987.VerticalOrderTraversalOfABinaryTree.swift */ = {isa = PBXFileReference; lastKnownFileType = sourcecode.swift; path = 987.VerticalOrderTraversalOfABinaryTree.swift; sourceTree = "<group>"; };
		32513EB225C44C3400027F4A /* LeetcodeUnitTests.swift */ = {isa = PBXFileReference; lastKnownFileType = sourcecode.swift; path = LeetcodeUnitTests.swift; sourceTree = "<group>"; };
		32513ED225C5130D00027F4A /* 750.NumberOfCornerRectangles.swift */ = {isa = PBXFileReference; lastKnownFileType = sourcecode.swift; path = 750.NumberOfCornerRectangles.swift; sourceTree = "<group>"; };
		32513ED625C5AED600027F4A /* 1675.MinimizeDeviationInArray.swift */ = {isa = PBXFileReference; lastKnownFileType = sourcecode.swift; path = 1675.MinimizeDeviationInArray.swift; sourceTree = "<group>"; };
		32513EDA25C6D89300027F4A /* 31.NextPermutation.swift */ = {isa = PBXFileReference; lastKnownFileType = sourcecode.swift; path = 31.NextPermutation.swift; sourceTree = "<group>"; };
		32513EE425C796B000027F4A /* 1512.NumberOfGoodPairs.swift */ = {isa = PBXFileReference; lastKnownFileType = sourcecode.swift; path = 1512.NumberOfGoodPairs.swift; sourceTree = "<group>"; };
		32513EE825C79EEA00027F4A /* 760.FindAnagramMappings.swift */ = {isa = PBXFileReference; lastKnownFileType = sourcecode.swift; path = 760.FindAnagramMappings.swift; sourceTree = "<group>"; };
		32513EEC25C7B11300027F4A /* 1213.IntersectionOfThreeSortedArrays.swift */ = {isa = PBXFileReference; lastKnownFileType = sourcecode.swift; path = 1213.IntersectionOfThreeSortedArrays.swift; sourceTree = "<group>"; };
		3260804E24E41A87005B079D /* 119.Pascal'sTriangleII.swift */ = {isa = PBXFileReference; lastKnownFileType = sourcecode.swift; path = "119.Pascal'sTriangleII.swift"; sourceTree = "<group>"; };
		3260805224E567D8005B079D /* 1286.IteratorForCombination.swift */ = {isa = PBXFileReference; lastKnownFileType = sourcecode.swift; path = 1286.IteratorForCombination.swift; sourceTree = "<group>"; };
		3260805624E6A38A005B079D /* 409.LongestPalindrome.swift */ = {isa = PBXFileReference; lastKnownFileType = sourcecode.swift; path = 409.LongestPalindrome.swift; sourceTree = "<group>"; };
		3260805A24E80A12005B079D /* 484.FindPermutation.swift */ = {isa = PBXFileReference; lastKnownFileType = sourcecode.swift; path = 484.FindPermutation.swift; sourceTree = "<group>"; };
		3260805E24EA4249005B079D /* 123.BestTimeToBuyAndSellStockIII.swift */ = {isa = PBXFileReference; lastKnownFileType = sourcecode.swift; path = 123.BestTimeToBuyAndSellStockIII.swift; sourceTree = "<group>"; };
		3260806024FE6B7D005B079D /* 157.ReadNCharactersGivenRead4.swift */ = {isa = PBXFileReference; lastKnownFileType = sourcecode.swift; path = 157.ReadNCharactersGivenRead4.swift; sourceTree = "<group>"; };
		32608064250079FE005B079D /* 220.ContainsDuplicateIII.swift */ = {isa = PBXFileReference; lastKnownFileType = sourcecode.swift; path = 220.ContainsDuplicateIII.swift; sourceTree = "<group>"; };
		326D094824E170DC00A9FCBE /* 171.ExcelSheetColumnNumber.swift */ = {isa = PBXFileReference; lastKnownFileType = sourcecode.swift; path = 171.ExcelSheetColumnNumber.swift; sourceTree = "<group>"; };
		3281FE5825AFE51C006C1D36 /* 28.ImplementstrStr().swift */ = {isa = PBXFileReference; lastKnownFileType = sourcecode.swift; path = "28.ImplementstrStr().swift"; sourceTree = "<group>"; };
		3281FE6225B089A5006C1D36 /* 1658.MinimumOperationsToReduceXToZero.swift */ = {isa = PBXFileReference; lastKnownFileType = sourcecode.swift; path = 1658.MinimumOperationsToReduceXToZero.swift; sourceTree = "<group>"; };
		32BC0620249C77F600D04FFA /* 275.H-IndexII.swift */ = {isa = PBXFileReference; lastKnownFileType = sourcecode.swift; path = "275.H-IndexII.swift"; sourceTree = "<group>"; };
		32BC0624249CD89600D04FFA /* 274.H-Index.swift */ = {isa = PBXFileReference; lastKnownFileType = sourcecode.swift; path = "274.H-Index.swift"; sourceTree = "<group>"; };
		32BF9C932493D6E300308E47 /* Leetcode.app */ = {isa = PBXFileReference; explicitFileType = wrapper.application; includeInIndex = 0; path = Leetcode.app; sourceTree = BUILT_PRODUCTS_DIR; };
		32BF9CA92493D6E500308E47 /* LeetcodeTests.xctest */ = {isa = PBXFileReference; explicitFileType = wrapper.cfbundle; includeInIndex = 0; path = LeetcodeTests.xctest; sourceTree = BUILT_PRODUCTS_DIR; };
		32BF9CAF2493D6E500308E47 /* Info.plist */ = {isa = PBXFileReference; lastKnownFileType = text.plist.xml; path = Info.plist; sourceTree = "<group>"; };
		32BF9CBB2493D74400308E47 /* Assets.xcassets */ = {isa = PBXFileReference; lastKnownFileType = folder.assetcatalog; path = Assets.xcassets; sourceTree = "<group>"; };
		32BF9CBC2493D74400308E47 /* Info.plist */ = {isa = PBXFileReference; fileEncoding = 4; lastKnownFileType = text.plist.xml; path = Info.plist; sourceTree = "<group>"; };
		32BF9CC02493D74A00308E47 /* Base */ = {isa = PBXFileReference; lastKnownFileType = file.storyboard; name = Base; path = Base.lproj/LaunchScreen.storyboard; sourceTree = "<group>"; };
		32BF9CC22493D75500308E47 /* ContentView.swift */ = {isa = PBXFileReference; fileEncoding = 4; lastKnownFileType = sourcecode.swift; path = ContentView.swift; sourceTree = "<group>"; };
		32BF9CC32493D75500308E47 /* AppDelegate.swift */ = {isa = PBXFileReference; fileEncoding = 4; lastKnownFileType = sourcecode.swift; path = AppDelegate.swift; sourceTree = "<group>"; };
		32BF9CC42493D75500308E47 /* SceneDelegate.swift */ = {isa = PBXFileReference; fileEncoding = 4; lastKnownFileType = sourcecode.swift; path = SceneDelegate.swift; sourceTree = "<group>"; };
		32BF9CC82493D8A700308E47 /* 380.InsertDeleteGetRandomO(1).swift */ = {isa = PBXFileReference; lastKnownFileType = sourcecode.swift; path = "380.InsertDeleteGetRandomO(1).swift"; sourceTree = "<group>"; };
		32BF9CCC2493FC1F00308E47 /* README.md */ = {isa = PBXFileReference; fileEncoding = 4; lastKnownFileType = net.daringfireball.markdown; name = README.md; path = ../README.md; sourceTree = "<group>"; };
		32BF9CDC2494EF5C00308E47 /* 368.LargestDivisibleSubset.swift */ = {isa = PBXFileReference; lastKnownFileType = sourcecode.swift; path = 368.LargestDivisibleSubset.swift; sourceTree = "<group>"; };
		32BF9CE2249533E300308E47 /* 284.PeekingIterator.swift */ = {isa = PBXFileReference; lastKnownFileType = sourcecode.swift; path = 284.PeekingIterator.swift; sourceTree = "<group>"; };
		32BF9CF02495A39600308E47 /* 1.TwoSum.swift */ = {isa = PBXFileReference; lastKnownFileType = sourcecode.swift; path = 1.TwoSum.swift; sourceTree = "<group>"; };
		32BF9CF42495B2E200308E47 /* 981.TimeBasedKey-ValueStore.swift */ = {isa = PBXFileReference; lastKnownFileType = sourcecode.swift; path = "981.TimeBasedKey-ValueStore.swift"; sourceTree = "<group>"; };
		32BF9CF82495E69400308E47 /* 83.RemoveDuplicatesfromSortedList.swift */ = {isa = PBXFileReference; lastKnownFileType = sourcecode.swift; path = 83.RemoveDuplicatesfromSortedList.swift; sourceTree = "<group>"; };
		32BF9CFC24967BDB00308E47 /* 82.RemoveDuplicatesfromSortedListII.swift */ = {isa = PBXFileReference; lastKnownFileType = sourcecode.swift; path = 82.RemoveDuplicatesfromSortedListII.swift; sourceTree = "<group>"; };
		32BF9D182498789700308E47 /* 700.SearchInABinarySearchTree.swift */ = {isa = PBXFileReference; lastKnownFileType = sourcecode.swift; path = 700.SearchInABinarySearchTree.swift; sourceTree = "<group>"; };
		32BF9D1C2498E8E800308E47 /* 468.ValidateIPAddress.swift */ = {isa = PBXFileReference; lastKnownFileType = sourcecode.swift; path = 468.ValidateIPAddress.swift; sourceTree = "<group>"; };
		32BF9D20249A46EC00308E47 /* 130.SurroundedRegions.swift */ = {isa = PBXFileReference; lastKnownFileType = sourcecode.swift; path = 130.SurroundedRegions.swift; sourceTree = "<group>"; };
		32D69C382526CB1F004FC820 /* 624.MaximumDistanceInArrays.swift */ = {isa = PBXFileReference; lastKnownFileType = sourcecode.swift; path = 624.MaximumDistanceInArrays.swift; sourceTree = "<group>"; };
		32D69C42252ABE77004FC820 /* 1288.RemoveCoveredIntervals.swift */ = {isa = PBXFileReference; lastKnownFileType = sourcecode.swift; path = 1288.RemoveCoveredIntervals.swift; sourceTree = "<group>"; };
		32D69C4C252D60F5004FC820 /* 701.InsertIntoABinarySearchTree.swift */ = {isa = PBXFileReference; lastKnownFileType = sourcecode.swift; path = 701.InsertIntoABinarySearchTree.swift; sourceTree = "<group>"; };
		32E375D224D83408009D7750 /* 125.ValidPalindrome.swift */ = {isa = PBXFileReference; lastKnownFileType = sourcecode.swift; path = 125.ValidPalindrome.swift; sourceTree = "<group>"; };
		32E375D624D985CC009D7750 /* 342.PowerofFour.swift */ = {isa = PBXFileReference; lastKnownFileType = sourcecode.swift; path = 342.PowerofFour.swift; sourceTree = "<group>"; };
		32E375DA24DB0D7D009D7750 /* 211.AddAndSearchWordDataStructureDesign.swift */ = {isa = PBXFileReference; lastKnownFileType = sourcecode.swift; path = 211.AddAndSearchWordDataStructureDesign.swift; sourceTree = "<group>"; };
		32E375DE24DC5D61009D7750 /* 442.FindAllDuplicatesInAnArray.swift */ = {isa = PBXFileReference; lastKnownFileType = sourcecode.swift; path = 442.FindAllDuplicatesInAnArray.swift; sourceTree = "<group>"; };
		32E375E224DFB4CF009D7750 /* 270.ClosestBinarySearchTreeValue.swift */ = {isa = PBXFileReference; lastKnownFileType = sourcecode.swift; path = 270.ClosestBinarySearchTreeValue.swift; sourceTree = "<group>"; };
		32E375E424DFBA11009D7750 /* 437.PathSumIII.swift */ = {isa = PBXFileReference; lastKnownFileType = sourcecode.swift; path = 437.PathSumIII.swift; sourceTree = "<group>"; };
		32EB3B8825A0071A00DF0FC3 /* 1640.CheckArrayFormationThroughConcatenation.swift */ = {isa = PBXFileReference; lastKnownFileType = sourcecode.swift; path = 1640.CheckArrayFormationThroughConcatenation.swift; sourceTree = "<group>"; };
		32EB3B9225A0149E00DF0FC3 /* 266.PalindromePermutation.swift */ = {isa = PBXFileReference; lastKnownFileType = sourcecode.swift; path = 266.PalindromePermutation.swift; sourceTree = "<group>"; };
		32EB3B9C25A0D07C00DF0FC3 /* 1379.FindACorrespondingNodeOfABinaryTreeInACloneOfThatTree .swift */ = {isa = PBXFileReference; lastKnownFileType = sourcecode.swift; path = "1379.FindACorrespondingNodeOfABinaryTreeInACloneOfThatTree .swift"; sourceTree = "<group>"; };
		32EB3BA625A207E800DF0FC3 /* 526.BeautifulArrangement.swift */ = {isa = PBXFileReference; lastKnownFileType = sourcecode.swift; path = 526.BeautifulArrangement.swift; sourceTree = "<group>"; };
		32EB3BB025A3485B00DF0FC3 /* 21.MergeTwoSortedLists.swift */ = {isa = PBXFileReference; lastKnownFileType = sourcecode.swift; path = 21.MergeTwoSortedLists.swift; sourceTree = "<group>"; };
		32EB3BC025A6155200DF0FC3 /* 1539.KthMissingPositiveNumber.swift */ = {isa = PBXFileReference; lastKnownFileType = sourcecode.swift; path = 1539.KthMissingPositiveNumber.swift; sourceTree = "<group>"; };
		32EB3BCA25A7676500DF0FC3 /* 3.LongestSubstringWithoutRepeatingCharacters.swift */ = {isa = PBXFileReference; lastKnownFileType = sourcecode.swift; path = 3.LongestSubstringWithoutRepeatingCharacters.swift; sourceTree = "<group>"; };
		32EB3BD425A9872B00DF0FC3 /* 1662.CheckIfTwoStringArraysAreEquivalent.swift */ = {isa = PBXFileReference; lastKnownFileType = sourcecode.swift; path = 1662.CheckIfTwoStringArraysAreEquivalent.swift; sourceTree = "<group>"; };
		32EB3BE225AA745600DF0FC3 /* 127.WordLadder.swift */ = {isa = PBXFileReference; lastKnownFileType = sourcecode.swift; path = 127.WordLadder.swift; sourceTree = "<group>"; };
		32EB3BE825ABF1FB00DF0FC3 /* 1649.CreateSortedArrayThroughInstructions.swift */ = {isa = PBXFileReference; lastKnownFileType = sourcecode.swift; path = 1649.CreateSortedArrayThroughInstructions.swift; sourceTree = "<group>"; };
		32FBE9182501F4C7002DF970 /* 459.RepeatedSubstringPattern.swift */ = {isa = PBXFileReference; lastKnownFileType = sourcecode.swift; path = 459.RepeatedSubstringPattern.swift; sourceTree = "<group>"; };
		32FBE91C25072853002DF970 /* 290.WordPattern.swift */ = {isa = PBXFileReference; lastKnownFileType = sourcecode.swift; path = 290.WordPattern.swift; sourceTree = "<group>"; };
/* End PBXFileReference section */

/* Begin PBXFrameworksBuildPhase section */
		32BF9C902493D6E300308E47 /* Frameworks */ = {
			isa = PBXFrameworksBuildPhase;
			buildActionMask = 2147483647;
			files = (
			);
			runOnlyForDeploymentPostprocessing = 0;
		};
		32BF9CA62493D6E500308E47 /* Frameworks */ = {
			isa = PBXFrameworksBuildPhase;
			buildActionMask = 2147483647;
			files = (
			);
			runOnlyForDeploymentPostprocessing = 0;
		};
/* End PBXFrameworksBuildPhase section */

/* Begin PBXGroup section */
		32BF9C8A2493D6E300308E47 = {
			isa = PBXGroup;
			children = (
				32BF9CCC2493FC1F00308E47 /* README.md */,
				32BF9C952493D6E300308E47 /* Leetcode */,
				32BF9CAC2493D6E500308E47 /* LeetcodeTests */,
				32BF9C942493D6E300308E47 /* Products */,
			);
			sourceTree = "<group>";
		};
		32BF9C942493D6E300308E47 /* Products */ = {
			isa = PBXGroup;
			children = (
				32BF9C932493D6E300308E47 /* Leetcode.app */,
				32BF9CA92493D6E500308E47 /* LeetcodeTests.xctest */,
			);
			name = Products;
			sourceTree = "<group>";
		};
		32BF9C952493D6E300308E47 /* Leetcode */ = {
			isa = PBXGroup;
			children = (
				32BF9CB92493D70800308E47 /* Views */,
				32BF9CB82493D6F400308E47 /* Questions */,
				32BF9CBA2493D71100308E47 /* Resources */,
			);
			path = Leetcode;
			sourceTree = "<group>";
		};
		32BF9CAC2493D6E500308E47 /* LeetcodeTests */ = {
			isa = PBXGroup;
			children = (
				32513EB225C44C3400027F4A /* LeetcodeUnitTests.swift */,
				32BF9CAF2493D6E500308E47 /* Info.plist */,
			);
			path = LeetcodeTests;
			sourceTree = "<group>";
		};
		32BF9CB82493D6F400308E47 /* Questions */ = {
			isa = PBXGroup;
			children = (
				32BF9CF02495A39600308E47 /* 1.TwoSum.swift */,
				3204F40025AEADD60006C290 /* 2.AddTwoNumbers.swift */,
				32EB3BCA25A7676500DF0FC3 /* 3.LongestSubstringWithoutRepeatingCharacters.swift */,
				32513E3A25B7F14900027F4A /* 5.LongestPalindromicSubstring.swift */,
				32513E4425B909EB00027F4A /* 20.ValidParentheses.swift */,
				32EB3BB025A3485B00DF0FC3 /* 21.MergeTwoSortedLists.swift */,
				32513E7425BDB69A00027F4A /* 23.MergeKSortedLists.swift */,
				3281FE5825AFE51C006C1D36 /* 28.ImplementstrStr().swift */,
				32513EDA25C6D89300027F4A /* 31.NextPermutation.swift */,
				32BF9CFC24967BDB00308E47 /* 82.RemoveDuplicatesfromSortedListII.swift */,
				32BF9CF82495E69400308E47 /* 83.RemoveDuplicatesfromSortedList.swift */,
				3204F3F625AD49240006C290 /* 88.MergeSortedArray.swift */,
				321DFA6524AE2AD30020BC5C /* 107.BinaryTreeLevelOrderTraversalII.swift */,
				3260804E24E41A87005B079D /* 119.Pascal'sTriangleII.swift */,
				3260805E24EA4249005B079D /* 123.BestTimeToBuyAndSellStockIII.swift */,
				32E375D224D83408009D7750 /* 125.ValidPalindrome.swift */,
				32EB3BE225AA745600DF0FC3 /* 127.WordLadder.swift */,
				32BF9D20249A46EC00308E47 /* 130.SurroundedRegions.swift */,
				3219F3CE251B823900BB342C /* 134.GasStation.swift */,
				3203D16C250BB20C00CFDABE /* 152.MaximumProductSubarray.swift */,
				3260806024FE6B7D005B079D /* 157.ReadNCharactersGivenRead4.swift */,
				32513E6025BB5BF500027F4A /* 161.OneEditDistance.swift */,
				3203D15C2509256B00CFDABE /* 165.CompareVersionNumbers.swift */,
				326D094824E170DC00A9FCBE /* 171.ExcelSheetColumnNumber.swift */,
				3219F3E2251E180C00BB342C /* 179.LargestNumber.swift */,
				32E375DA24DB0D7D009D7750 /* 211.AddAndSearchWordDataStructureDesign.swift */,
				32608064250079FE005B079D /* 220.ContainsDuplicateIII.swift */,
				3219F3C4251AE92100BB342C /* 229.MajorityElementII.swift */,
				32EB3B9225A0149E00DF0FC3 /* 266.PalindromePermutation.swift */,
				32E375E224DFB4CF009D7750 /* 270.ClosestBinarySearchTreeValue.swift */,
				32BC0624249CD89600D04FFA /* 274.H-Index.swift */,
				32BC0620249C77F600D04FFA /* 275.H-IndexII.swift */,
				32BF9CE2249533E300308E47 /* 284.PeekingIterator.swift */,
				32FBE91C25072853002DF970 /* 290.WordPattern.swift */,
				3203D160250A492100CFDABE /* 299.BullsAndCows.swift */,
				32513E4E25B90D1E00027F4A /* 339.NestedListWeightSum.swift */,
				32E375D624D985CC009D7750 /* 342.PowerofFour.swift */,
				3203D1542508053400CFDABE /* 346.MovingAverageFromDataStream.swift */,
				321DFA6924D672F60020BC5C /* 359.LoggerRateLimiter.swift */,
				32BF9CDC2494EF5C00308E47 /* 368.LargestDivisibleSubset.swift */,
				32BF9CC82493D8A700308E47 /* 380.InsertDeleteGetRandomO(1).swift */,
				3219F3D8251CC16400BB342C /* 389.FindTheDifference.swift */,
				3219F3F6252186AA00BB342C /* 399.EvaluateDivision.swift */,
				3260805624E6A38A005B079D /* 409.LongestPalindrome.swift */,
				32E375E424DFBA11009D7750 /* 437.PathSumIII.swift */,
				32E375DE24DC5D61009D7750 /* 442.FindAllDuplicatesInAnArray.swift */,
				32FBE9182501F4C7002DF970 /* 459.RepeatedSubstringPattern.swift */,
				32BF9D1C2498E8E800308E47 /* 468.ValidateIPAddress.swift */,
				3260805A24E80A12005B079D /* 484.FindPermutation.swift */,
				3203D164250B018900CFDABE /* 492.ConstructTheRectangle.swift */,
				3219F3EC2520149800BB342C /* 496.TeemoAttacking.swift */,
				321DFA6D24D67C430020BC5C /* 520.DetectCapital.swift */,
				32EB3BA625A207E800DF0FC3 /* 526.BeautifulArrangement.swift */,
				32D69C382526CB1F004FC820 /* 624.MaximumDistanceInArrays.swift */,
				32BF9D182498789700308E47 /* 700.SearchInABinarySearchTree.swift */,
				32D69C4C252D60F5004FC820 /* 701.InsertIntoABinarySearchTree.swift */,
				321DFA7124D6E53D0020BC5C /* 705.DesignHashSet.swift */,
				3219F3B8251A2A6900BB342C /* 708.InsertIntoASortedCircularLinkedList.swift */,
				32513ED225C5130D00027F4A /* 750.NumberOfCornerRectangles.swift */,
				32513EE825C79EEA00027F4A /* 760.FindAnagramMappings.swift */,
				3204F40A25AF25580006C290 /* 881.BoatsToSavePeople.swift */,
				321DFA6724B0459D0020BC5C /* 957.PrisonCellsAfterNDays.swift */,
				32BF9CF42495B2E200308E47 /* 981.TimeBasedKey-ValueStore.swift */,
				32513EAE25C44BD500027F4A /* 987.VerticalOrderTraversalOfABinaryTree.swift */,
				3203D158250868D800CFDABE /* 1022.SumOfRootToLeafBinaryNumbers.swift */,
				3219F3AE2518DC4400BB342C /* 1094.CarPooling.swift */,
				3203D168250B20D700CFDABE /* 1119.RemoveVowelsFromAString.swift */,
				32513EEC25C7B11300027F4A /* 1213.IntersectionOfThreeSortedArrays.swift */,
				3260805224E567D8005B079D /* 1286.IteratorForCombination.swift */,
				32D69C42252ABE77004FC820 /* 1288.RemoveCoveredIntervals.swift */,
				32513E6A25BC492D00027F4A /* 1329.SortTheMatrixDiagonally.swift */,
				32EB3B9C25A0D07C00DF0FC3 /* 1379.FindACorrespondingNodeOfABinaryTreeInACloneOfThatTree .swift */,
				32513E8225BFBEF100027F4A /* 1437. CheckIfAll1sAreAtLeastLengthKPlacesAway.swift */,
				32513EE425C796B000027F4A /* 1512.NumberOfGoodPairs.swift */,
				32EB3BC025A6155200DF0FC3 /* 1539.KthMissingPositiveNumber.swift */,
				32513E8C25C049C000027F4A /* 1631.PathWithMinimumEffort.swift */,
				32EB3B8825A0071A00DF0FC3 /* 1640.CheckArrayFormationThroughConcatenation.swift */,
				32EB3BE825ABF1FB00DF0FC3 /* 1649.CreateSortedArrayThroughInstructions.swift */,
				32513E5625BB292F00027F4A /* 1657.DetermineIfTwoStringsAreClose.swift */,
				3281FE6225B089A5006C1D36 /* 1658.MinimumOperationsToReduceXToZero.swift */,
				32EB3BD425A9872B00DF0FC3 /* 1662.CheckIfTwoStringArraysAreEquivalent.swift */,
				32513EA425C3956A00027F4A /* 1663.SmallestStringWithAGivenNumericValue.swift */,
				32513E5225BA74FF00027F4A /* 1673.FindTheMostCompetitiveSubsequence.swift */,
				32513ED625C5AED600027F4A /* 1675.MinimizeDeviationInArray.swift */,
				32513E2E25B6692300027F4A /* 1679.MaxNumberOfKSumPairs.swift */,
				32513EA025C1B7B500027F4A /* 1680.ConcatenationOfConsecutiveBinaryNumbers.swift */,
			);
			path = Questions;
			sourceTree = "<group>";
		};
		32BF9CB92493D70800308E47 /* Views */ = {
			isa = PBXGroup;
			children = (
				32BF9CC32493D75500308E47 /* AppDelegate.swift */,
				32BF9CC22493D75500308E47 /* ContentView.swift */,
				32BF9CC42493D75500308E47 /* SceneDelegate.swift */,
			);
			path = Views;
			sourceTree = "<group>";
		};
		32BF9CBA2493D71100308E47 /* Resources */ = {
			isa = PBXGroup;
			children = (
				32BF9CBF2493D74A00308E47 /* LaunchScreen.storyboard */,
				32BF9CBB2493D74400308E47 /* Assets.xcassets */,
				32BF9CBC2493D74400308E47 /* Info.plist */,
			);
			path = Resources;
			sourceTree = "<group>";
		};
/* End PBXGroup section */

/* Begin PBXNativeTarget section */
		32BF9C922493D6E300308E47 /* Leetcode */ = {
			isa = PBXNativeTarget;
			buildConfigurationList = 32BF9CB22493D6E500308E47 /* Build configuration list for PBXNativeTarget "Leetcode" */;
			buildPhases = (
				32BF9C8F2493D6E300308E47 /* Sources */,
				32BF9C902493D6E300308E47 /* Frameworks */,
				32BF9C912493D6E300308E47 /* Resources */,
			);
			buildRules = (
			);
			dependencies = (
			);
			name = Leetcode;
			productName = Leetcode;
			productReference = 32BF9C932493D6E300308E47 /* Leetcode.app */;
			productType = "com.apple.product-type.application";
		};
		32BF9CA82493D6E500308E47 /* LeetcodeTests */ = {
			isa = PBXNativeTarget;
			buildConfigurationList = 32BF9CB52493D6E500308E47 /* Build configuration list for PBXNativeTarget "LeetcodeTests" */;
			buildPhases = (
				32BF9CA52493D6E500308E47 /* Sources */,
				32BF9CA62493D6E500308E47 /* Frameworks */,
				32BF9CA72493D6E500308E47 /* Resources */,
			);
			buildRules = (
			);
			dependencies = (
				32BF9CAB2493D6E500308E47 /* PBXTargetDependency */,
			);
			name = LeetcodeTests;
			productName = LeetcodeTests;
			productReference = 32BF9CA92493D6E500308E47 /* LeetcodeTests.xctest */;
			productType = "com.apple.product-type.bundle.unit-test";
		};
/* End PBXNativeTarget section */

/* Begin PBXProject section */
		32BF9C8B2493D6E300308E47 /* Project object */ = {
			isa = PBXProject;
			attributes = {
				LastSwiftUpdateCheck = 1150;
				LastUpgradeCheck = 1150;
				ORGANIZATIONNAME = "Sudarshan Sharma";
				TargetAttributes = {
					32BF9C922493D6E300308E47 = {
						CreatedOnToolsVersion = 11.5;
						LastSwiftMigration = 1150;
					};
					32BF9CA82493D6E500308E47 = {
						CreatedOnToolsVersion = 11.5;
						TestTargetID = 32BF9C922493D6E300308E47;
					};
				};
			};
			buildConfigurationList = 32BF9C8E2493D6E300308E47 /* Build configuration list for PBXProject "Leetcode" */;
			compatibilityVersion = "Xcode 9.3";
			developmentRegion = en;
			hasScannedForEncodings = 0;
			knownRegions = (
				en,
				Base,
			);
			mainGroup = 32BF9C8A2493D6E300308E47;
			productRefGroup = 32BF9C942493D6E300308E47 /* Products */;
			projectDirPath = "";
			projectRoot = "";
			targets = (
				32BF9C922493D6E300308E47 /* Leetcode */,
				32BF9CA82493D6E500308E47 /* LeetcodeTests */,
			);
		};
/* End PBXProject section */

/* Begin PBXResourcesBuildPhase section */
		32BF9C912493D6E300308E47 /* Resources */ = {
			isa = PBXResourcesBuildPhase;
			buildActionMask = 2147483647;
			files = (
				32BF9CBD2493D74400308E47 /* Assets.xcassets in Resources */,
				32BF9CC12493D74A00308E47 /* LaunchScreen.storyboard in Resources */,
				32BF9CCD2493FC1F00308E47 /* README.md in Resources */,
			);
			runOnlyForDeploymentPostprocessing = 0;
		};
		32BF9CA72493D6E500308E47 /* Resources */ = {
			isa = PBXResourcesBuildPhase;
			buildActionMask = 2147483647;
			files = (
			);
			runOnlyForDeploymentPostprocessing = 0;
		};
/* End PBXResourcesBuildPhase section */

/* Begin PBXSourcesBuildPhase section */
		32BF9C8F2493D6E300308E47 /* Sources */ = {
			isa = PBXSourcesBuildPhase;
			buildActionMask = 2147483647;
			files = (
				32D69C392526CB1F004FC820 /* 624.MaximumDistanceInArrays.swift in Sources */,
				3204F40B25AF25580006C290 /* 881.BoatsToSavePeople.swift in Sources */,
				32513E5725BB292F00027F4A /* 1657.DetermineIfTwoStringsAreClose.swift in Sources */,
				32BF9CC62493D75500308E47 /* AppDelegate.swift in Sources */,
				32513EE525C796B000027F4A /* 1512.NumberOfGoodPairs.swift in Sources */,
				32EB3BCB25A7676500DF0FC3 /* 3.LongestSubstringWithoutRepeatingCharacters.swift in Sources */,
				3260805324E567D8005B079D /* 1286.IteratorForCombination.swift in Sources */,
				32D69C4D252D60F5004FC820 /* 701.InsertIntoABinarySearchTree.swift in Sources */,
				32BF9CC92493D8A700308E47 /* 380.InsertDeleteGetRandomO(1).swift in Sources */,
				3204F3F725AD49240006C290 /* 88.MergeSortedArray.swift in Sources */,
				32EB3BE925ABF1FB00DF0FC3 /* 1649.CreateSortedArrayThroughInstructions.swift in Sources */,
				3203D159250868D800CFDABE /* 1022.SumOfRootToLeafBinaryNumbers.swift in Sources */,
				32513E8325BFBEF100027F4A /* 1437. CheckIfAll1sAreAtLeastLengthKPlacesAway.swift in Sources */,
				3219F3C5251AE92100BB342C /* 229.MajorityElementII.swift in Sources */,
				32EB3BC125A6155200DF0FC3 /* 1539.KthMissingPositiveNumber.swift in Sources */,
				3219F3D9251CC16400BB342C /* 389.FindTheDifference.swift in Sources */,
				32BF9CDD2494EF5C00308E47 /* 368.LargestDivisibleSubset.swift in Sources */,
				32BF9CF12495A39600308E47 /* 1.TwoSum.swift in Sources */,
				32BF9CF92495E69400308E47 /* 83.RemoveDuplicatesfromSortedList.swift in Sources */,
				32513EDB25C6D89300027F4A /* 31.NextPermutation.swift in Sources */,
				32513E7525BDB69A00027F4A /* 23.MergeKSortedLists.swift in Sources */,
				32E375E324DFB4CF009D7750 /* 270.ClosestBinarySearchTreeValue.swift in Sources */,
				32EB3BD525A9872B00DF0FC3 /* 1662.CheckIfTwoStringArraysAreEquivalent.swift in Sources */,
				32513E2F25B6692400027F4A /* 1679.MaxNumberOfKSumPairs.swift in Sources */,
				32EB3B9D25A0D07C00DF0FC3 /* 1379.FindACorrespondingNodeOfABinaryTreeInACloneOfThatTree .swift in Sources */,
				3281FE5925AFE51C006C1D36 /* 28.ImplementstrStr().swift in Sources */,
				3219F3B9251A2A6900BB342C /* 708.InsertIntoASortedCircularLinkedList.swift in Sources */,
				32BC0621249C77F600D04FFA /* 275.H-IndexII.swift in Sources */,
				321DFA6824B0459D0020BC5C /* 957.PrisonCellsAfterNDays.swift in Sources */,
				32BF9D192498789700308E47 /* 700.SearchInABinarySearchTree.swift in Sources */,
				32BF9CFD24967BDB00308E47 /* 82.RemoveDuplicatesfromSortedListII.swift in Sources */,
				3203D161250A492100CFDABE /* 299.BullsAndCows.swift in Sources */,
				32513ED325C5130D00027F4A /* 750.NumberOfCornerRectangles.swift in Sources */,
				32513E8D25C049C000027F4A /* 1631.PathWithMinimumEffort.swift in Sources */,
				32513EE925C79EEA00027F4A /* 760.FindAnagramMappings.swift in Sources */,
				32FBE91D25072853002DF970 /* 290.WordPattern.swift in Sources */,
				32D69C43252ABE77004FC820 /* 1288.RemoveCoveredIntervals.swift in Sources */,
				32E375D724D985CC009D7750 /* 342.PowerofFour.swift in Sources */,
				32BF9D1D2498E8E800308E47 /* 468.ValidateIPAddress.swift in Sources */,
				321DFA7224D6E53D0020BC5C /* 705.DesignHashSet.swift in Sources */,
				32513EA125C1B7B500027F4A /* 1680.ConcatenationOfConsecutiveBinaryNumbers.swift in Sources */,
				3203D165250B018900CFDABE /* 492.ConstructTheRectangle.swift in Sources */,
				3203D15D2509256B00CFDABE /* 165.CompareVersionNumbers.swift in Sources */,
				32513E4F25B90D1E00027F4A /* 339.NestedListWeightSum.swift in Sources */,
				32EB3B9325A0149E00DF0FC3 /* 266.PalindromePermutation.swift in Sources */,
				32EB3BA725A207E800DF0FC3 /* 526.BeautifulArrangement.swift in Sources */,
				3219F3ED2520149800BB342C /* 496.TeemoAttacking.swift in Sources */,
				32E375D324D83408009D7750 /* 125.ValidPalindrome.swift in Sources */,
				32513E5325BA74FF00027F4A /* 1673.FindTheMostCompetitiveSubsequence.swift in Sources */,
				326D094924E170DC00A9FCBE /* 171.ExcelSheetColumnNumber.swift in Sources */,
				32513EA525C3956A00027F4A /* 1663.SmallestStringWithAGivenNumericValue.swift in Sources */,
				321DFA6624AE2AD30020BC5C /* 107.BinaryTreeLevelOrderTraversalII.swift in Sources */,
				32EB3B8925A0071A00DF0FC3 /* 1640.CheckArrayFormationThroughConcatenation.swift in Sources */,
				321DFA6A24D672F60020BC5C /* 359.LoggerRateLimiter.swift in Sources */,
				3203D169250B20D700CFDABE /* 1119.RemoveVowelsFromAString.swift in Sources */,
				32BF9CC52493D75500308E47 /* ContentView.swift in Sources */,
				3219F3F7252186AA00BB342C /* 399.EvaluateDivision.swift in Sources */,
				3260804F24E41A87005B079D /* 119.Pascal'sTriangleII.swift in Sources */,
				32EB3BE325AA745600DF0FC3 /* 127.WordLadder.swift in Sources */,
				3219F3AF2518DC4400BB342C /* 1094.CarPooling.swift in Sources */,
				32BF9CC72493D75500308E47 /* SceneDelegate.swift in Sources */,
				32513EAF25C44BD500027F4A /* 987.VerticalOrderTraversalOfABinaryTree.swift in Sources */,
				3260805B24E80A12005B079D /* 484.FindPermutation.swift in Sources */,
				32513EED25C7B11300027F4A /* 1213.IntersectionOfThreeSortedArrays.swift in Sources */,
				32513E6125BB5BF500027F4A /* 161.OneEditDistance.swift in Sources */,
				321DFA6E24D67C430020BC5C /* 520.DetectCapital.swift in Sources */,
				3260805F24EA4249005B079D /* 123.BestTimeToBuyAndSellStockIII.swift in Sources */,
				32513ED725C5AED600027F4A /* 1675.MinimizeDeviationInArray.swift in Sources */,
				3260805724E6A38A005B079D /* 409.LongestPalindrome.swift in Sources */,
				3219F3E3251E180C00BB342C /* 179.LargestNumber.swift in Sources */,
				3203D1552508053400CFDABE /* 346.MovingAverageFromDataStream.swift in Sources */,
				32BF9D21249A46EC00308E47 /* 130.SurroundedRegions.swift in Sources */,
				32BF9CF52495B2E200308E47 /* 981.TimeBasedKey-ValueStore.swift in Sources */,
				3281FE6325B089A5006C1D36 /* 1658.MinimumOperationsToReduceXToZero.swift in Sources */,
				32FBE9192501F4C7002DF970 /* 459.RepeatedSubstringPattern.swift in Sources */,
				3260806124FE6B7D005B079D /* 157.ReadNCharactersGivenRead4.swift in Sources */,
				32608065250079FE005B079D /* 220.ContainsDuplicateIII.swift in Sources */,
				32E375DF24DC5D61009D7750 /* 442.FindAllDuplicatesInAnArray.swift in Sources */,
				32513E4525B909EB00027F4A /* 20.ValidParentheses.swift in Sources */,
				3203D16D250BB20C00CFDABE /* 152.MaximumProductSubarray.swift in Sources */,
				32513E6B25BC492D00027F4A /* 1329.SortTheMatrixDiagonally.swift in Sources */,
				32513E3B25B7F14900027F4A /* 5.LongestPalindromicSubstring.swift in Sources */,
				3204F40125AEADD60006C290 /* 2.AddTwoNumbers.swift in Sources */,
				32E375E524DFBA11009D7750 /* 437.PathSumIII.swift in Sources */,
				32E375DB24DB0D7D009D7750 /* 211.AddAndSearchWordDataStructureDesign.swift in Sources */,
				32EB3BB125A3485B00DF0FC3 /* 21.MergeTwoSortedLists.swift in Sources */,
				3219F3CF251B823900BB342C /* 134.GasStation.swift in Sources */,
				32BF9CE3249533E300308E47 /* 284.PeekingIterator.swift in Sources */,
				32BC0625249CD89600D04FFA /* 274.H-Index.swift in Sources */,
			);
			runOnlyForDeploymentPostprocessing = 0;
		};
		32BF9CA52493D6E500308E47 /* Sources */ = {
			isa = PBXSourcesBuildPhase;
			buildActionMask = 2147483647;
			files = (
				32513EB325C44C3400027F4A /* LeetcodeUnitTests.swift in Sources */,
			);
			runOnlyForDeploymentPostprocessing = 0;
		};
/* End PBXSourcesBuildPhase section */

/* Begin PBXTargetDependency section */
		32BF9CAB2493D6E500308E47 /* PBXTargetDependency */ = {
			isa = PBXTargetDependency;
			target = 32BF9C922493D6E300308E47 /* Leetcode */;
			targetProxy = 32BF9CAA2493D6E500308E47 /* PBXContainerItemProxy */;
		};
/* End PBXTargetDependency section */

/* Begin PBXVariantGroup section */
		32BF9CBF2493D74A00308E47 /* LaunchScreen.storyboard */ = {
			isa = PBXVariantGroup;
			children = (
				32BF9CC02493D74A00308E47 /* Base */,
			);
			name = LaunchScreen.storyboard;
			sourceTree = "<group>";
		};
/* End PBXVariantGroup section */

/* Begin XCBuildConfiguration section */
		32BF9CB02493D6E500308E47 /* Debug */ = {
			isa = XCBuildConfiguration;
			buildSettings = {
				ALWAYS_SEARCH_USER_PATHS = NO;
				CLANG_ANALYZER_NONNULL = YES;
				CLANG_ANALYZER_NUMBER_OBJECT_CONVERSION = YES_AGGRESSIVE;
				CLANG_CXX_LANGUAGE_STANDARD = "gnu++14";
				CLANG_CXX_LIBRARY = "libc++";
				CLANG_ENABLE_MODULES = YES;
				CLANG_ENABLE_OBJC_ARC = YES;
				CLANG_ENABLE_OBJC_WEAK = YES;
				CLANG_WARN_BLOCK_CAPTURE_AUTORELEASING = YES;
				CLANG_WARN_BOOL_CONVERSION = YES;
				CLANG_WARN_COMMA = YES;
				CLANG_WARN_CONSTANT_CONVERSION = YES;
				CLANG_WARN_DEPRECATED_OBJC_IMPLEMENTATIONS = YES;
				CLANG_WARN_DIRECT_OBJC_ISA_USAGE = YES_ERROR;
				CLANG_WARN_DOCUMENTATION_COMMENTS = YES;
				CLANG_WARN_EMPTY_BODY = YES;
				CLANG_WARN_ENUM_CONVERSION = YES;
				CLANG_WARN_INFINITE_RECURSION = YES;
				CLANG_WARN_INT_CONVERSION = YES;
				CLANG_WARN_NON_LITERAL_NULL_CONVERSION = YES;
				CLANG_WARN_OBJC_IMPLICIT_RETAIN_SELF = YES;
				CLANG_WARN_OBJC_LITERAL_CONVERSION = YES;
				CLANG_WARN_OBJC_ROOT_CLASS = YES_ERROR;
				CLANG_WARN_RANGE_LOOP_ANALYSIS = YES;
				CLANG_WARN_STRICT_PROTOTYPES = YES;
				CLANG_WARN_SUSPICIOUS_MOVE = YES;
				CLANG_WARN_UNGUARDED_AVAILABILITY = YES_AGGRESSIVE;
				CLANG_WARN_UNREACHABLE_CODE = YES;
				CLANG_WARN__DUPLICATE_METHOD_MATCH = YES;
				COPY_PHASE_STRIP = NO;
				DEBUG_INFORMATION_FORMAT = dwarf;
				ENABLE_STRICT_OBJC_MSGSEND = YES;
				ENABLE_TESTABILITY = YES;
				GCC_C_LANGUAGE_STANDARD = gnu11;
				GCC_DYNAMIC_NO_PIC = NO;
				GCC_NO_COMMON_BLOCKS = YES;
				GCC_OPTIMIZATION_LEVEL = 0;
				GCC_PREPROCESSOR_DEFINITIONS = (
					"DEBUG=1",
					"$(inherited)",
				);
				GCC_WARN_64_TO_32_BIT_CONVERSION = YES;
				GCC_WARN_ABOUT_RETURN_TYPE = YES_ERROR;
				GCC_WARN_UNDECLARED_SELECTOR = YES;
				GCC_WARN_UNINITIALIZED_AUTOS = YES_AGGRESSIVE;
				GCC_WARN_UNUSED_FUNCTION = YES;
				GCC_WARN_UNUSED_VARIABLE = YES;
				IPHONEOS_DEPLOYMENT_TARGET = 13.5;
				MTL_ENABLE_DEBUG_INFO = INCLUDE_SOURCE;
				MTL_FAST_MATH = YES;
				ONLY_ACTIVE_ARCH = YES;
				SDKROOT = iphoneos;
				SWIFT_ACTIVE_COMPILATION_CONDITIONS = DEBUG;
				SWIFT_OPTIMIZATION_LEVEL = "-Onone";
			};
			name = Debug;
		};
		32BF9CB12493D6E500308E47 /* Release */ = {
			isa = XCBuildConfiguration;
			buildSettings = {
				ALWAYS_SEARCH_USER_PATHS = NO;
				CLANG_ANALYZER_NONNULL = YES;
				CLANG_ANALYZER_NUMBER_OBJECT_CONVERSION = YES_AGGRESSIVE;
				CLANG_CXX_LANGUAGE_STANDARD = "gnu++14";
				CLANG_CXX_LIBRARY = "libc++";
				CLANG_ENABLE_MODULES = YES;
				CLANG_ENABLE_OBJC_ARC = YES;
				CLANG_ENABLE_OBJC_WEAK = YES;
				CLANG_WARN_BLOCK_CAPTURE_AUTORELEASING = YES;
				CLANG_WARN_BOOL_CONVERSION = YES;
				CLANG_WARN_COMMA = YES;
				CLANG_WARN_CONSTANT_CONVERSION = YES;
				CLANG_WARN_DEPRECATED_OBJC_IMPLEMENTATIONS = YES;
				CLANG_WARN_DIRECT_OBJC_ISA_USAGE = YES_ERROR;
				CLANG_WARN_DOCUMENTATION_COMMENTS = YES;
				CLANG_WARN_EMPTY_BODY = YES;
				CLANG_WARN_ENUM_CONVERSION = YES;
				CLANG_WARN_INFINITE_RECURSION = YES;
				CLANG_WARN_INT_CONVERSION = YES;
				CLANG_WARN_NON_LITERAL_NULL_CONVERSION = YES;
				CLANG_WARN_OBJC_IMPLICIT_RETAIN_SELF = YES;
				CLANG_WARN_OBJC_LITERAL_CONVERSION = YES;
				CLANG_WARN_OBJC_ROOT_CLASS = YES_ERROR;
				CLANG_WARN_RANGE_LOOP_ANALYSIS = YES;
				CLANG_WARN_STRICT_PROTOTYPES = YES;
				CLANG_WARN_SUSPICIOUS_MOVE = YES;
				CLANG_WARN_UNGUARDED_AVAILABILITY = YES_AGGRESSIVE;
				CLANG_WARN_UNREACHABLE_CODE = YES;
				CLANG_WARN__DUPLICATE_METHOD_MATCH = YES;
				COPY_PHASE_STRIP = NO;
				DEBUG_INFORMATION_FORMAT = "dwarf-with-dsym";
				ENABLE_NS_ASSERTIONS = NO;
				ENABLE_STRICT_OBJC_MSGSEND = YES;
				GCC_C_LANGUAGE_STANDARD = gnu11;
				GCC_NO_COMMON_BLOCKS = YES;
				GCC_WARN_64_TO_32_BIT_CONVERSION = YES;
				GCC_WARN_ABOUT_RETURN_TYPE = YES_ERROR;
				GCC_WARN_UNDECLARED_SELECTOR = YES;
				GCC_WARN_UNINITIALIZED_AUTOS = YES_AGGRESSIVE;
				GCC_WARN_UNUSED_FUNCTION = YES;
				GCC_WARN_UNUSED_VARIABLE = YES;
				IPHONEOS_DEPLOYMENT_TARGET = 13.5;
				MTL_ENABLE_DEBUG_INFO = NO;
				MTL_FAST_MATH = YES;
				SDKROOT = iphoneos;
				SWIFT_COMPILATION_MODE = wholemodule;
				SWIFT_OPTIMIZATION_LEVEL = "-O";
				VALIDATE_PRODUCT = YES;
			};
			name = Release;
		};
		32BF9CB32493D6E500308E47 /* Debug */ = {
			isa = XCBuildConfiguration;
			buildSettings = {
				ASSETCATALOG_COMPILER_APPICON_NAME = AppIcon;
				CLANG_ENABLE_MODULES = YES;
				CODE_SIGN_STYLE = Automatic;
				DEVELOPMENT_ASSET_PATHS = "";
				DEVELOPMENT_TEAM = 83K5ZDN9P7;
				ENABLE_PREVIEWS = YES;
				INFOPLIST_FILE = Leetcode/Resources/Info.plist;
				LD_RUNPATH_SEARCH_PATHS = (
					"$(inherited)",
					"@executable_path/Frameworks",
				);
				PRODUCT_BUNDLE_IDENTIFIER = SudarshanSharma.Leetcode;
				PRODUCT_NAME = "$(TARGET_NAME)";
				SWIFT_OPTIMIZATION_LEVEL = "-Onone";
				SWIFT_VERSION = 5.0;
				TARGETED_DEVICE_FAMILY = "1,2";
			};
			name = Debug;
		};
		32BF9CB42493D6E500308E47 /* Release */ = {
			isa = XCBuildConfiguration;
			buildSettings = {
				ASSETCATALOG_COMPILER_APPICON_NAME = AppIcon;
				CLANG_ENABLE_MODULES = YES;
				CODE_SIGN_STYLE = Automatic;
				DEVELOPMENT_ASSET_PATHS = "";
				DEVELOPMENT_TEAM = 83K5ZDN9P7;
				ENABLE_PREVIEWS = YES;
				INFOPLIST_FILE = Leetcode/Resources/Info.plist;
				LD_RUNPATH_SEARCH_PATHS = (
					"$(inherited)",
					"@executable_path/Frameworks",
				);
				PRODUCT_BUNDLE_IDENTIFIER = SudarshanSharma.Leetcode;
				PRODUCT_NAME = "$(TARGET_NAME)";
				SWIFT_VERSION = 5.0;
				TARGETED_DEVICE_FAMILY = "1,2";
			};
			name = Release;
		};
		32BF9CB62493D6E500308E47 /* Debug */ = {
			isa = XCBuildConfiguration;
			buildSettings = {
				ALWAYS_EMBED_SWIFT_STANDARD_LIBRARIES = YES;
				BUNDLE_LOADER = "$(TEST_HOST)";
				CODE_SIGN_STYLE = Automatic;
				DEVELOPMENT_TEAM = 83K5ZDN9P7;
				INFOPLIST_FILE = LeetcodeTests/Info.plist;
				IPHONEOS_DEPLOYMENT_TARGET = 13.5;
				LD_RUNPATH_SEARCH_PATHS = (
					"$(inherited)",
					"@executable_path/Frameworks",
					"@loader_path/Frameworks",
				);
				PRODUCT_BUNDLE_IDENTIFIER = SudarshanSharma.LeetcodeTests;
				PRODUCT_NAME = "$(TARGET_NAME)";
				SWIFT_VERSION = 5.0;
				TARGETED_DEVICE_FAMILY = "1,2";
				TEST_HOST = "$(BUILT_PRODUCTS_DIR)/Leetcode.app/Leetcode";
			};
			name = Debug;
		};
		32BF9CB72493D6E500308E47 /* Release */ = {
			isa = XCBuildConfiguration;
			buildSettings = {
				ALWAYS_EMBED_SWIFT_STANDARD_LIBRARIES = YES;
				BUNDLE_LOADER = "$(TEST_HOST)";
				CODE_SIGN_STYLE = Automatic;
				DEVELOPMENT_TEAM = 83K5ZDN9P7;
				INFOPLIST_FILE = LeetcodeTests/Info.plist;
				IPHONEOS_DEPLOYMENT_TARGET = 13.5;
				LD_RUNPATH_SEARCH_PATHS = (
					"$(inherited)",
					"@executable_path/Frameworks",
					"@loader_path/Frameworks",
				);
				PRODUCT_BUNDLE_IDENTIFIER = SudarshanSharma.LeetcodeTests;
				PRODUCT_NAME = "$(TARGET_NAME)";
				SWIFT_VERSION = 5.0;
				TARGETED_DEVICE_FAMILY = "1,2";
				TEST_HOST = "$(BUILT_PRODUCTS_DIR)/Leetcode.app/Leetcode";
			};
			name = Release;
		};
/* End XCBuildConfiguration section */

/* Begin XCConfigurationList section */
		32BF9C8E2493D6E300308E47 /* Build configuration list for PBXProject "Leetcode" */ = {
			isa = XCConfigurationList;
			buildConfigurations = (
				32BF9CB02493D6E500308E47 /* Debug */,
				32BF9CB12493D6E500308E47 /* Release */,
			);
			defaultConfigurationIsVisible = 0;
			defaultConfigurationName = Release;
		};
		32BF9CB22493D6E500308E47 /* Build configuration list for PBXNativeTarget "Leetcode" */ = {
			isa = XCConfigurationList;
			buildConfigurations = (
				32BF9CB32493D6E500308E47 /* Debug */,
				32BF9CB42493D6E500308E47 /* Release */,
			);
			defaultConfigurationIsVisible = 0;
			defaultConfigurationName = Release;
		};
		32BF9CB52493D6E500308E47 /* Build configuration list for PBXNativeTarget "LeetcodeTests" */ = {
			isa = XCConfigurationList;
			buildConfigurations = (
				32BF9CB62493D6E500308E47 /* Debug */,
				32BF9CB72493D6E500308E47 /* Release */,
			);
			defaultConfigurationIsVisible = 0;
			defaultConfigurationName = Release;
		};
/* End XCConfigurationList section */
	};
	rootObject = 32BF9C8B2493D6E300308E47 /* Project object */;
}
